// !$*UTF8*$!
{
	archiveVersion = 1;
	classes = {
	};
	objectVersion = 55;
	objects = {

/* Begin PBXBuildFile section */
		C306AFA628E9934300D4BB6B /* String+Extension.swift in Sources */ = {isa = PBXBuildFile; fileRef = C306AFA528E9934300D4BB6B /* String+Extension.swift */; };
		C30F7CA92940C6190050C045 /* SplashView.swift in Sources */ = {isa = PBXBuildFile; fileRef = C30F7CA82940C6190050C045 /* SplashView.swift */; };
		C30F7CAC2940C7380050C045 /* SplashViewController.swift in Sources */ = {isa = PBXBuildFile; fileRef = C30F7CAB2940C7380050C045 /* SplashViewController.swift */; };
		C32FF05828C70C8800949E05 /* AppDelegate.swift in Sources */ = {isa = PBXBuildFile; fileRef = C32FF05728C70C8800949E05 /* AppDelegate.swift */; };
		C32FF05A28C70C8800949E05 /* SceneDelegate.swift in Sources */ = {isa = PBXBuildFile; fileRef = C32FF05928C70C8800949E05 /* SceneDelegate.swift */; };
		C32FF06128C70C8800949E05 /* Assets.xcassets in Resources */ = {isa = PBXBuildFile; fileRef = C32FF06028C70C8800949E05 /* Assets.xcassets */; };
		C32FF06428C70C8800949E05 /* LaunchScreen.storyboard in Resources */ = {isa = PBXBuildFile; fileRef = C32FF06228C70C8800949E05 /* LaunchScreen.storyboard */; };
		C32FF06E28C70D0300949E05 /* BaseView.swift in Sources */ = {isa = PBXBuildFile; fileRef = C32FF06D28C70D0300949E05 /* BaseView.swift */; };
		C32FF07028C70D0A00949E05 /* BaseViewController.swift in Sources */ = {isa = PBXBuildFile; fileRef = C32FF06F28C70D0A00949E05 /* BaseViewController.swift */; };
		C32FF07528C70F1800949E05 /* PageViewController.swift in Sources */ = {isa = PBXBuildFile; fileRef = C32FF07428C70F1800949E05 /* PageViewController.swift */; };
		C32FF07828C7129C00949E05 /* SnapKit in Frameworks */ = {isa = PBXBuildFile; productRef = C32FF07728C7129C00949E05 /* SnapKit */; };
		C32FF07A28C719E900949E05 /* FirstViewController.swift in Sources */ = {isa = PBXBuildFile; fileRef = C32FF07928C719E900949E05 /* FirstViewController.swift */; };
		C32FF07C28C719F100949E05 /* SecondViewController.swift in Sources */ = {isa = PBXBuildFile; fileRef = C32FF07B28C719F100949E05 /* SecondViewController.swift */; };
		C32FF07E28C719FA00949E05 /* ThirdViewController.swift in Sources */ = {isa = PBXBuildFile; fileRef = C32FF07D28C719FA00949E05 /* ThirdViewController.swift */; };
		C32FF08028C7240300949E05 /* FirstView.swift in Sources */ = {isa = PBXBuildFile; fileRef = C32FF07F28C7240300949E05 /* FirstView.swift */; };
		C32FF08228C7240900949E05 /* SecondView.swift in Sources */ = {isa = PBXBuildFile; fileRef = C32FF08128C7240900949E05 /* SecondView.swift */; };
		C32FF08428C7240F00949E05 /* ThirdView.swift in Sources */ = {isa = PBXBuildFile; fileRef = C32FF08328C7240F00949E05 /* ThirdView.swift */; };
		C32FF08628C724CF00949E05 /* BasePageView.swift in Sources */ = {isa = PBXBuildFile; fileRef = C32FF08528C724CF00949E05 /* BasePageView.swift */; };
		C32FF08928C72EE300949E05 /* Color+Extension.swift in Sources */ = {isa = PBXBuildFile; fileRef = C32FF08828C72EE300949E05 /* Color+Extension.swift */; };
		C32FF09128C9AE9900949E05 /* Font+Extension.swift in Sources */ = {isa = PBXBuildFile; fileRef = C32FF09028C9AE9900949E05 /* Font+Extension.swift */; };
		C32FF09528C9AECF00949E05 /* Galmuri11-Condensed.ttf in Resources */ = {isa = PBXBuildFile; fileRef = C32FF09428C9AECF00949E05 /* Galmuri11-Condensed.ttf */; };
		C32FF09728CAAB6F00949E05 /* Galmuri11-Bold.ttf in Resources */ = {isa = PBXBuildFile; fileRef = C32FF09628CAAB6F00949E05 /* Galmuri11-Bold.ttf */; };
		C32FF09928CAB71300949E05 /* MainView.swift in Sources */ = {isa = PBXBuildFile; fileRef = C32FF09828CAB71300949E05 /* MainView.swift */; };
		C32FF09B28CAB71D00949E05 /* MainViewController.swift in Sources */ = {isa = PBXBuildFile; fileRef = C32FF09A28CAB71D00949E05 /* MainViewController.swift */; };
		C32FF0A028CF13A600949E05 /* CalendarViewController.swift in Sources */ = {isa = PBXBuildFile; fileRef = C32FF09F28CF13A600949E05 /* CalendarViewController.swift */; };
		C32FF0A328CF13BA00949E05 /* CalendarView.swift in Sources */ = {isa = PBXBuildFile; fileRef = C32FF0A228CF13BA00949E05 /* CalendarView.swift */; };
		C32FF0A528CF149600949E05 /* SettingView.swift in Sources */ = {isa = PBXBuildFile; fileRef = C32FF0A428CF149600949E05 /* SettingView.swift */; };
		C32FF0A728CF149F00949E05 /* SettingViewController.swift in Sources */ = {isa = PBXBuildFile; fileRef = C32FF0A628CF149F00949E05 /* SettingViewController.swift */; };
		C34644BB28DEDC840071EF13 /* Zip in Frameworks */ = {isa = PBXBuildFile; productRef = C34644BA28DEDC840071EF13 /* Zip */; };
		C34644BD28DF19810071EF13 /* File+Extension.swift in Sources */ = {isa = PBXBuildFile; fileRef = C34644BC28DF19810071EF13 /* File+Extension.swift */; };
		C34644E428E2F0EA0071EF13 /* CustomNotePopupViewController.swift in Sources */ = {isa = PBXBuildFile; fileRef = C34644E328E2F0EA0071EF13 /* CustomNotePopupViewController.swift */; };
		C34644E628E2F1200071EF13 /* CustomNotePopupView.swift in Sources */ = {isa = PBXBuildFile; fileRef = C34644E528E2F1200071EF13 /* CustomNotePopupView.swift */; };
		C34644EA28E3DCE80071EF13 /* Realm in Frameworks */ = {isa = PBXBuildFile; productRef = C34644E928E3DCE80071EF13 /* Realm */; };
		C34644EC28E3DCE80071EF13 /* RealmSwift in Frameworks */ = {isa = PBXBuildFile; productRef = C34644EB28E3DCE80071EF13 /* RealmSwift */; };
		C34644EF28E492670071EF13 /* AcknowList in Frameworks */ = {isa = PBXBuildFile; productRef = C34644EE28E492670071EF13 /* AcknowList */; };
		C34644F128E493980071EF13 /* Package.resolved in Resources */ = {isa = PBXBuildFile; fileRef = C34644F028E493980071EF13 /* Package.resolved */; };
		C34A89D028EC632E00F8BA4B /* ImportanceView.swift in Sources */ = {isa = PBXBuildFile; fileRef = C34A89CF28EC632E00F8BA4B /* ImportanceView.swift */; };
		C34A89D228EC633A00F8BA4B /* ImportanceViewController.swift in Sources */ = {isa = PBXBuildFile; fileRef = C34A89D128EC633A00F8BA4B /* ImportanceViewController.swift */; };
		C34A89D428EC6B4600F8BA4B /* ImportanceViewCell.swift in Sources */ = {isa = PBXBuildFile; fileRef = C34A89D328EC6B4600F8BA4B /* ImportanceViewCell.swift */; };
		C37B16BE28CF7DAD0086E3C6 /* Toast in Frameworks */ = {isa = PBXBuildFile; productRef = C37B16BD28CF7DAD0086E3C6 /* Toast */; };
		C38EC07528F597E40027B0B0 /* GoogleService-Info.plist in Resources */ = {isa = PBXBuildFile; fileRef = C38EC07428F597E40027B0B0 /* GoogleService-Info.plist */; };
		C38EC07828F599B70027B0B0 /* FirebaseAnalyticsWithoutAdIdSupport in Frameworks */ = {isa = PBXBuildFile; productRef = C38EC07728F599B70027B0B0 /* FirebaseAnalyticsWithoutAdIdSupport */; };
		C38EC07A28F599B70027B0B0 /* FirebaseCrashlytics in Frameworks */ = {isa = PBXBuildFile; productRef = C38EC07928F599B70027B0B0 /* FirebaseCrashlytics */; };
		C38EC07C28F599B70027B0B0 /* FirebaseMessaging in Frameworks */ = {isa = PBXBuildFile; productRef = C38EC07B28F599B70027B0B0 /* FirebaseMessaging */; };
		C398967528E8A12C0026B1AA /* Localizable.strings in Resources */ = {isa = PBXBuildFile; fileRef = C398967728E8A12C0026B1AA /* Localizable.strings */; };
		C3AF2FF928D9D25400AF1A60 /* CustomMenuPopupView.swift in Sources */ = {isa = PBXBuildFile; fileRef = C3AF2FF828D9D25400AF1A60 /* CustomMenuPopupView.swift */; };
		C3AF2FFC28D9D5F800AF1A60 /* CustomMenuPopupViewController.swift in Sources */ = {isa = PBXBuildFile; fileRef = C3AF2FFB28D9D5F800AF1A60 /* CustomMenuPopupViewController.swift */; };
		C3D6454228D05E4700850505 /* FSCalendar in Frameworks */ = {isa = PBXBuildFile; productRef = C3D6454128D05E4700850505 /* FSCalendar */; };
		C3D6454428D0ADEB00850505 /* Alert+Extension.swift in Sources */ = {isa = PBXBuildFile; fileRef = C3D6454328D0ADEB00850505 /* Alert+Extension.swift */; };
		C3D6454D28D1D59200850505 /* UIView+Extension.swift in Sources */ = {isa = PBXBuildFile; fileRef = C3D6454C28D1D59200850505 /* UIView+Extension.swift */; };
		C3D6455228D2346400850505 /* MainTableViewCell.swift in Sources */ = {isa = PBXBuildFile; fileRef = C3D6455128D2346400850505 /* MainTableViewCell.swift */; };
		C3D6455528D3503600850505 /* TodoScheme.swift in Sources */ = {isa = PBXBuildFile; fileRef = C3D6455428D3503600850505 /* TodoScheme.swift */; };
		C3D6455C28D353B700850505 /* DateFormat+Extension.swift in Sources */ = {isa = PBXBuildFile; fileRef = C3D6455B28D353B700850505 /* DateFormat+Extension.swift */; };
		C3D6455E28D354F900850505 /* TablePlusCell.swift in Sources */ = {isa = PBXBuildFile; fileRef = C3D6455D28D354F900850505 /* TablePlusCell.swift */; };
		C3EF20B928DBFB1400141757 /* IQKeyboardManagerSwift in Frameworks */ = {isa = PBXBuildFile; productRef = C3EF20B828DBFB1400141757 /* IQKeyboardManagerSwift */; };
/* End PBXBuildFile section */

/* Begin PBXFileReference section */
		C306AFA528E9934300D4BB6B /* String+Extension.swift */ = {isa = PBXFileReference; lastKnownFileType = sourcecode.swift; path = "String+Extension.swift"; sourceTree = "<group>"; };
		C30F7CA82940C6190050C045 /* SplashView.swift */ = {isa = PBXFileReference; lastKnownFileType = sourcecode.swift; path = SplashView.swift; sourceTree = "<group>"; };
		C30F7CAB2940C7380050C045 /* SplashViewController.swift */ = {isa = PBXFileReference; lastKnownFileType = sourcecode.swift; path = SplashViewController.swift; sourceTree = "<group>"; };
		C32FF05428C70C8800949E05 /* NewTro_Todo.app */ = {isa = PBXFileReference; explicitFileType = wrapper.application; includeInIndex = 0; path = NewTro_Todo.app; sourceTree = BUILT_PRODUCTS_DIR; };
		C32FF05728C70C8800949E05 /* AppDelegate.swift */ = {isa = PBXFileReference; lastKnownFileType = sourcecode.swift; path = AppDelegate.swift; sourceTree = "<group>"; };
		C32FF05928C70C8800949E05 /* SceneDelegate.swift */ = {isa = PBXFileReference; lastKnownFileType = sourcecode.swift; path = SceneDelegate.swift; sourceTree = "<group>"; };
		C32FF06028C70C8800949E05 /* Assets.xcassets */ = {isa = PBXFileReference; lastKnownFileType = folder.assetcatalog; path = Assets.xcassets; sourceTree = "<group>"; };
		C32FF06328C70C8800949E05 /* Base */ = {isa = PBXFileReference; lastKnownFileType = file.storyboard; name = Base; path = Base.lproj/LaunchScreen.storyboard; sourceTree = "<group>"; };
		C32FF06528C70C8800949E05 /* Info.plist */ = {isa = PBXFileReference; lastKnownFileType = text.plist.xml; path = Info.plist; sourceTree = "<group>"; };
		C32FF06D28C70D0300949E05 /* BaseView.swift */ = {isa = PBXFileReference; lastKnownFileType = sourcecode.swift; path = BaseView.swift; sourceTree = "<group>"; };
		C32FF06F28C70D0A00949E05 /* BaseViewController.swift */ = {isa = PBXFileReference; lastKnownFileType = sourcecode.swift; path = BaseViewController.swift; sourceTree = "<group>"; };
		C32FF07428C70F1800949E05 /* PageViewController.swift */ = {isa = PBXFileReference; lastKnownFileType = sourcecode.swift; path = PageViewController.swift; sourceTree = "<group>"; };
		C32FF07928C719E900949E05 /* FirstViewController.swift */ = {isa = PBXFileReference; lastKnownFileType = sourcecode.swift; path = FirstViewController.swift; sourceTree = "<group>"; };
		C32FF07B28C719F100949E05 /* SecondViewController.swift */ = {isa = PBXFileReference; lastKnownFileType = sourcecode.swift; path = SecondViewController.swift; sourceTree = "<group>"; };
		C32FF07D28C719FA00949E05 /* ThirdViewController.swift */ = {isa = PBXFileReference; lastKnownFileType = sourcecode.swift; path = ThirdViewController.swift; sourceTree = "<group>"; };
		C32FF07F28C7240300949E05 /* FirstView.swift */ = {isa = PBXFileReference; lastKnownFileType = sourcecode.swift; path = FirstView.swift; sourceTree = "<group>"; };
		C32FF08128C7240900949E05 /* SecondView.swift */ = {isa = PBXFileReference; lastKnownFileType = sourcecode.swift; path = SecondView.swift; sourceTree = "<group>"; };
		C32FF08328C7240F00949E05 /* ThirdView.swift */ = {isa = PBXFileReference; lastKnownFileType = sourcecode.swift; path = ThirdView.swift; sourceTree = "<group>"; };
		C32FF08528C724CF00949E05 /* BasePageView.swift */ = {isa = PBXFileReference; lastKnownFileType = sourcecode.swift; path = BasePageView.swift; sourceTree = "<group>"; };
		C32FF08828C72EE300949E05 /* Color+Extension.swift */ = {isa = PBXFileReference; lastKnownFileType = sourcecode.swift; path = "Color+Extension.swift"; sourceTree = "<group>"; };
		C32FF09028C9AE9900949E05 /* Font+Extension.swift */ = {isa = PBXFileReference; lastKnownFileType = sourcecode.swift; path = "Font+Extension.swift"; sourceTree = "<group>"; };
		C32FF09428C9AECF00949E05 /* Galmuri11-Condensed.ttf */ = {isa = PBXFileReference; lastKnownFileType = file; path = "Galmuri11-Condensed.ttf"; sourceTree = "<group>"; };
		C32FF09628CAAB6F00949E05 /* Galmuri11-Bold.ttf */ = {isa = PBXFileReference; lastKnownFileType = file; path = "Galmuri11-Bold.ttf"; sourceTree = "<group>"; };
		C32FF09828CAB71300949E05 /* MainView.swift */ = {isa = PBXFileReference; lastKnownFileType = sourcecode.swift; path = MainView.swift; sourceTree = "<group>"; };
		C32FF09A28CAB71D00949E05 /* MainViewController.swift */ = {isa = PBXFileReference; lastKnownFileType = sourcecode.swift; path = MainViewController.swift; sourceTree = "<group>"; };
		C32FF09F28CF13A600949E05 /* CalendarViewController.swift */ = {isa = PBXFileReference; lastKnownFileType = sourcecode.swift; path = CalendarViewController.swift; sourceTree = "<group>"; };
		C32FF0A228CF13BA00949E05 /* CalendarView.swift */ = {isa = PBXFileReference; lastKnownFileType = sourcecode.swift; path = CalendarView.swift; sourceTree = "<group>"; };
		C32FF0A428CF149600949E05 /* SettingView.swift */ = {isa = PBXFileReference; lastKnownFileType = sourcecode.swift; path = SettingView.swift; sourceTree = "<group>"; };
		C32FF0A628CF149F00949E05 /* SettingViewController.swift */ = {isa = PBXFileReference; lastKnownFileType = sourcecode.swift; path = SettingViewController.swift; sourceTree = "<group>"; };
		C34644BC28DF19810071EF13 /* File+Extension.swift */ = {isa = PBXFileReference; lastKnownFileType = sourcecode.swift; path = "File+Extension.swift"; sourceTree = "<group>"; };
		C34644E328E2F0EA0071EF13 /* CustomNotePopupViewController.swift */ = {isa = PBXFileReference; lastKnownFileType = sourcecode.swift; path = CustomNotePopupViewController.swift; sourceTree = "<group>"; };
		C34644E528E2F1200071EF13 /* CustomNotePopupView.swift */ = {isa = PBXFileReference; lastKnownFileType = sourcecode.swift; path = CustomNotePopupView.swift; sourceTree = "<group>"; };
		C34644F028E493980071EF13 /* Package.resolved */ = {isa = PBXFileReference; fileEncoding = 4; lastKnownFileType = text; name = Package.resolved; path = NewTro_Todo.xcodeproj/project.xcworkspace/xcshareddata/swiftpm/Package.resolved; sourceTree = "<group>"; };
		C34A89CF28EC632E00F8BA4B /* ImportanceView.swift */ = {isa = PBXFileReference; lastKnownFileType = sourcecode.swift; path = ImportanceView.swift; sourceTree = "<group>"; };
		C34A89D128EC633A00F8BA4B /* ImportanceViewController.swift */ = {isa = PBXFileReference; lastKnownFileType = sourcecode.swift; path = ImportanceViewController.swift; sourceTree = "<group>"; };
		C34A89D328EC6B4600F8BA4B /* ImportanceViewCell.swift */ = {isa = PBXFileReference; lastKnownFileType = sourcecode.swift; path = ImportanceViewCell.swift; sourceTree = "<group>"; };
		C38EC07428F597E40027B0B0 /* GoogleService-Info.plist */ = {isa = PBXFileReference; fileEncoding = 4; lastKnownFileType = text.plist.xml; path = "GoogleService-Info.plist"; sourceTree = "<group>"; };
		C38EC07D28F59D610027B0B0 /* NewTro_Todo.entitlements */ = {isa = PBXFileReference; lastKnownFileType = text.plist.entitlements; path = NewTro_Todo.entitlements; sourceTree = "<group>"; };
		C398967628E8A12C0026B1AA /* en */ = {isa = PBXFileReference; lastKnownFileType = text.plist.strings; name = en; path = en.lproj/Localizable.strings; sourceTree = "<group>"; };
		C398967828E8A15F0026B1AA /* ko */ = {isa = PBXFileReference; lastKnownFileType = text.plist.strings; name = ko; path = ko.lproj/Localizable.strings; sourceTree = "<group>"; };
		C3AF2FF828D9D25400AF1A60 /* CustomMenuPopupView.swift */ = {isa = PBXFileReference; lastKnownFileType = sourcecode.swift; path = CustomMenuPopupView.swift; sourceTree = "<group>"; };
		C3AF2FFB28D9D5F800AF1A60 /* CustomMenuPopupViewController.swift */ = {isa = PBXFileReference; lastKnownFileType = sourcecode.swift; path = CustomMenuPopupViewController.swift; sourceTree = "<group>"; };
		C3D6454328D0ADEB00850505 /* Alert+Extension.swift */ = {isa = PBXFileReference; lastKnownFileType = sourcecode.swift; path = "Alert+Extension.swift"; sourceTree = "<group>"; };
		C3D6454C28D1D59200850505 /* UIView+Extension.swift */ = {isa = PBXFileReference; lastKnownFileType = sourcecode.swift; path = "UIView+Extension.swift"; sourceTree = "<group>"; };
		C3D6455128D2346400850505 /* MainTableViewCell.swift */ = {isa = PBXFileReference; lastKnownFileType = sourcecode.swift; path = MainTableViewCell.swift; sourceTree = "<group>"; };
		C3D6455428D3503600850505 /* TodoScheme.swift */ = {isa = PBXFileReference; lastKnownFileType = sourcecode.swift; path = TodoScheme.swift; sourceTree = "<group>"; };
		C3D6455B28D353B700850505 /* DateFormat+Extension.swift */ = {isa = PBXFileReference; lastKnownFileType = sourcecode.swift; path = "DateFormat+Extension.swift"; sourceTree = "<group>"; };
		C3D6455D28D354F900850505 /* TablePlusCell.swift */ = {isa = PBXFileReference; lastKnownFileType = sourcecode.swift; path = TablePlusCell.swift; sourceTree = "<group>"; };
/* End PBXFileReference section */

/* Begin PBXFrameworksBuildPhase section */
		C32FF05128C70C8700949E05 /* Frameworks */ = {
			isa = PBXFrameworksBuildPhase;
			buildActionMask = 2147483647;
			files = (
				C34644EA28E3DCE80071EF13 /* Realm in Frameworks */,
				C34644EF28E492670071EF13 /* AcknowList in Frameworks */,
				C34644BB28DEDC840071EF13 /* Zip in Frameworks */,
				C34644EC28E3DCE80071EF13 /* RealmSwift in Frameworks */,
				C37B16BE28CF7DAD0086E3C6 /* Toast in Frameworks */,
				C3D6454228D05E4700850505 /* FSCalendar in Frameworks */,
				C32FF07828C7129C00949E05 /* SnapKit in Frameworks */,
				C38EC07A28F599B70027B0B0 /* FirebaseCrashlytics in Frameworks */,
				C38EC07828F599B70027B0B0 /* FirebaseAnalyticsWithoutAdIdSupport in Frameworks */,
				C38EC07C28F599B70027B0B0 /* FirebaseMessaging in Frameworks */,
				C3EF20B928DBFB1400141757 /* IQKeyboardManagerSwift in Frameworks */,
			);
			runOnlyForDeploymentPostprocessing = 0;
		};
/* End PBXFrameworksBuildPhase section */

/* Begin PBXGroup section */
		C32FF04B28C70C8700949E05 = {
			isa = PBXGroup;
			children = (
				C34644F028E493980071EF13 /* Package.resolved */,
				C32FF05628C70C8800949E05 /* NewTro_Todo */,
				C32FF05528C70C8800949E05 /* Products */,
			);
			sourceTree = "<group>";
		};
		C32FF05528C70C8800949E05 /* Products */ = {
			isa = PBXGroup;
			children = (
				C32FF05428C70C8800949E05 /* NewTro_Todo.app */,
			);
			name = Products;
			sourceTree = "<group>";
		};
		C32FF05628C70C8800949E05 /* NewTro_Todo */ = {
			isa = PBXGroup;
			children = (
				C37AADAB294C84AA0051E68E /* Source */,
				C37AADAA294C84890051E68E /* Utility */,
				C37AADA3294C830B0051E68E /* Scene */,
				C398967228E8A0FE0026B1AA /* Localizing */,
				C32FF05728C70C8800949E05 /* AppDelegate.swift */,
				C32FF05928C70C8800949E05 /* SceneDelegate.swift */,
				C32FF06028C70C8800949E05 /* Assets.xcassets */,
				C32FF06228C70C8800949E05 /* LaunchScreen.storyboard */,
				C32FF06528C70C8800949E05 /* Info.plist */,
				C38EC07428F597E40027B0B0 /* GoogleService-Info.plist */,
				C38EC07D28F59D610027B0B0 /* NewTro_Todo.entitlements */,
			);
			path = NewTro_Todo;
			sourceTree = "<group>";
		};
		C32FF08728C72EC500949E05 /* Extension */ = {
			isa = PBXGroup;
			children = (
				C32FF09328C9AEC100949E05 /* Font */,
				C32FF08828C72EE300949E05 /* Color+Extension.swift */,
				C32FF09028C9AE9900949E05 /* Font+Extension.swift */,
				C3D6454328D0ADEB00850505 /* Alert+Extension.swift */,
				C3D6454C28D1D59200850505 /* UIView+Extension.swift */,
				C3D6455B28D353B700850505 /* DateFormat+Extension.swift */,
				C34644BC28DF19810071EF13 /* File+Extension.swift */,
				C306AFA528E9934300D4BB6B /* String+Extension.swift */,
			);
			path = Extension;
			sourceTree = "<group>";
		};
		C32FF09328C9AEC100949E05 /* Font */ = {
			isa = PBXGroup;
			children = (
				C32FF09628CAAB6F00949E05 /* Galmuri11-Bold.ttf */,
				C32FF09428C9AECF00949E05 /* Galmuri11-Condensed.ttf */,
			);
			path = Font;
			sourceTree = "<group>";
		};
		C37AADA3294C830B0051E68E /* Scene */ = {
			isa = PBXGroup;
			children = (
				C37AADA9294C83E00051E68E /* Splash */,
				C37AADA8294C83A80051E68E /* Onboarding */,
				C37AADA7294C83940051E68E /* Setting */,
				C37AADA6294C83740051E68E /* Calendar */,
				C37AADA5294C831E0051E68E /* Base */,
				C37AADA4294C83160051E68E /* Main */,
			);
			path = Scene;
			sourceTree = "<group>";
		};
		C37AADA4294C83160051E68E /* Main */ = {
			isa = PBXGroup;
			children = (
				C34A89D128EC633A00F8BA4B /* ImportanceViewController.swift */,
				C34A89D328EC6B4600F8BA4B /* ImportanceViewCell.swift */,
				C34A89CF28EC632E00F8BA4B /* ImportanceView.swift */,
				C3AF2FFB28D9D5F800AF1A60 /* CustomMenuPopupViewController.swift */,
				C34644E328E2F0EA0071EF13 /* CustomNotePopupViewController.swift */,
				C3AF2FF828D9D25400AF1A60 /* CustomMenuPopupView.swift */,
				C34644E528E2F1200071EF13 /* CustomNotePopupView.swift */,
				C3D6455D28D354F900850505 /* TablePlusCell.swift */,
				C3D6455128D2346400850505 /* MainTableViewCell.swift */,
				C32FF09A28CAB71D00949E05 /* MainViewController.swift */,
				C32FF09828CAB71300949E05 /* MainView.swift */,
			);
			path = Main;
			sourceTree = "<group>";
		};
		C37AADA5294C831E0051E68E /* Base */ = {
			isa = PBXGroup;
			children = (
				C32FF06F28C70D0A00949E05 /* BaseViewController.swift */,
				C32FF06D28C70D0300949E05 /* BaseView.swift */,
			);
			path = Base;
			sourceTree = "<group>";
		};
		C37AADA6294C83740051E68E /* Calendar */ = {
			isa = PBXGroup;
			children = (
				C32FF0A228CF13BA00949E05 /* CalendarView.swift */,
				C32FF09F28CF13A600949E05 /* CalendarViewController.swift */,
			);
			path = Calendar;
			sourceTree = "<group>";
		};
		C37AADA7294C83940051E68E /* Setting */ = {
			isa = PBXGroup;
			children = (
				C32FF0A428CF149600949E05 /* SettingView.swift */,
				C32FF0A628CF149F00949E05 /* SettingViewController.swift */,
			);
			path = Setting;
			sourceTree = "<group>";
		};
		C37AADA8294C83A80051E68E /* Onboarding */ = {
			isa = PBXGroup;
			children = (
				C32FF07428C70F1800949E05 /* PageViewController.swift */,
				C32FF07928C719E900949E05 /* FirstViewController.swift */,
				C32FF07B28C719F100949E05 /* SecondViewController.swift */,
				C32FF07D28C719FA00949E05 /* ThirdViewController.swift */,
				C32FF07F28C7240300949E05 /* FirstView.swift */,
				C32FF08128C7240900949E05 /* SecondView.swift */,
				C32FF08328C7240F00949E05 /* ThirdView.swift */,
				C32FF08528C724CF00949E05 /* BasePageView.swift */,
			);
			path = Onboarding;
			sourceTree = "<group>";
		};
		C37AADA9294C83E00051E68E /* Splash */ = {
			isa = PBXGroup;
			children = (
				C30F7CAB2940C7380050C045 /* SplashViewController.swift */,
				C30F7CA82940C6190050C045 /* SplashView.swift */,
			);
			path = Splash;
			sourceTree = "<group>";
		};
		C37AADAA294C84890051E68E /* Utility */ = {
			isa = PBXGroup;
			children = (
				C3D6455428D3503600850505 /* TodoScheme.swift */,
			);
			path = Utility;
			sourceTree = "<group>";
		};
		C37AADAB294C84AA0051E68E /* Source */ = {
			isa = PBXGroup;
			children = (
				C32FF08728C72EC500949E05 /* Extension */,
			);
			path = Source;
			sourceTree = "<group>";
		};
		C398967228E8A0FE0026B1AA /* Localizing */ = {
			isa = PBXGroup;
			children = (
				C398967728E8A12C0026B1AA /* Localizable.strings */,
			);
			path = Localizing;
			sourceTree = "<group>";
		};
/* End PBXGroup section */

/* Begin PBXNativeTarget section */
		C32FF05328C70C8700949E05 /* NewTro_Todo */ = {
			isa = PBXNativeTarget;
			buildConfigurationList = C32FF06828C70C8800949E05 /* Build configuration list for PBXNativeTarget "NewTro_Todo" */;
			buildPhases = (
				C32FF05028C70C8700949E05 /* Sources */,
				C32FF05128C70C8700949E05 /* Frameworks */,
				C32FF05228C70C8700949E05 /* Resources */,
			);
			buildRules = (
			);
			dependencies = (
			);
			name = NewTro_Todo;
			packageProductDependencies = (
				C32FF07728C7129C00949E05 /* SnapKit */,
				C37B16BD28CF7DAD0086E3C6 /* Toast */,
				C3D6454128D05E4700850505 /* FSCalendar */,
				C3EF20B828DBFB1400141757 /* IQKeyboardManagerSwift */,
				C34644BA28DEDC840071EF13 /* Zip */,
				C34644E928E3DCE80071EF13 /* Realm */,
				C34644EB28E3DCE80071EF13 /* RealmSwift */,
				C34644EE28E492670071EF13 /* AcknowList */,
				C38EC07728F599B70027B0B0 /* FirebaseAnalyticsWithoutAdIdSupport */,
				C38EC07928F599B70027B0B0 /* FirebaseCrashlytics */,
				C38EC07B28F599B70027B0B0 /* FirebaseMessaging */,
			);
			productName = NewTro_Todo;
			productReference = C32FF05428C70C8800949E05 /* NewTro_Todo.app */;
			productType = "com.apple.product-type.application";
		};
/* End PBXNativeTarget section */

/* Begin PBXProject section */
		C32FF04C28C70C8700949E05 /* Project object */ = {
			isa = PBXProject;
			attributes = {
				BuildIndependentTargetsInParallel = 1;
				LastSwiftUpdateCheck = 1340;
				LastUpgradeCheck = 1340;
				TargetAttributes = {
					C32FF05328C70C8700949E05 = {
						CreatedOnToolsVersion = 13.4.1;
					};
				};
			};
			buildConfigurationList = C32FF04F28C70C8700949E05 /* Build configuration list for PBXProject "NewTro_Todo" */;
			compatibilityVersion = "Xcode 13.0";
			developmentRegion = en;
			hasScannedForEncodings = 0;
			knownRegions = (
				en,
				Base,
				ko,
			);
			mainGroup = C32FF04B28C70C8700949E05;
			packageReferences = (
				C32FF07628C7129C00949E05 /* XCRemoteSwiftPackageReference "SnapKit" */,
				C37B16BC28CF7DAD0086E3C6 /* XCRemoteSwiftPackageReference "Toast-Swift" */,
				C3D6454028D05E4700850505 /* XCRemoteSwiftPackageReference "FSCalendar" */,
				C3EF20B728DBFB1400141757 /* XCRemoteSwiftPackageReference "IQKeyboardManager" */,
				C34644B928DEDC840071EF13 /* XCRemoteSwiftPackageReference "Zip" */,
				C34644E828E3DCE80071EF13 /* XCRemoteSwiftPackageReference "realm-swift" */,
				C34644ED28E492670071EF13 /* XCRemoteSwiftPackageReference "AcknowList" */,
				C38EC07628F599B70027B0B0 /* XCRemoteSwiftPackageReference "firebase-ios-sdk" */,
			);
			productRefGroup = C32FF05528C70C8800949E05 /* Products */;
			projectDirPath = "";
			projectRoot = "";
			targets = (
				C32FF05328C70C8700949E05 /* NewTro_Todo */,
			);
		};
/* End PBXProject section */

/* Begin PBXResourcesBuildPhase section */
		C32FF05228C70C8700949E05 /* Resources */ = {
			isa = PBXResourcesBuildPhase;
			buildActionMask = 2147483647;
			files = (
				C32FF09728CAAB6F00949E05 /* Galmuri11-Bold.ttf in Resources */,
				C38EC07528F597E40027B0B0 /* GoogleService-Info.plist in Resources */,
				C32FF06428C70C8800949E05 /* LaunchScreen.storyboard in Resources */,
				C32FF06128C70C8800949E05 /* Assets.xcassets in Resources */,
				C398967528E8A12C0026B1AA /* Localizable.strings in Resources */,
				C32FF09528C9AECF00949E05 /* Galmuri11-Condensed.ttf in Resources */,
				C34644F128E493980071EF13 /* Package.resolved in Resources */,
			);
			runOnlyForDeploymentPostprocessing = 0;
		};
/* End PBXResourcesBuildPhase section */

/* Begin PBXSourcesBuildPhase section */
		C32FF05028C70C8700949E05 /* Sources */ = {
			isa = PBXSourcesBuildPhase;
			buildActionMask = 2147483647;
			files = (
				C3D6455228D2346400850505 /* MainTableViewCell.swift in Sources */,
				C32FF08628C724CF00949E05 /* BasePageView.swift in Sources */,
				C32FF06E28C70D0300949E05 /* BaseView.swift in Sources */,
				C34A89D028EC632E00F8BA4B /* ImportanceView.swift in Sources */,
				C30F7CAC2940C7380050C045 /* SplashViewController.swift in Sources */,
				C3AF2FF928D9D25400AF1A60 /* CustomMenuPopupView.swift in Sources */,
				C3D6455C28D353B700850505 /* DateFormat+Extension.swift in Sources */,
				C32FF0A028CF13A600949E05 /* CalendarViewController.swift in Sources */,
				C32FF07528C70F1800949E05 /* PageViewController.swift in Sources */,
				C3D6454428D0ADEB00850505 /* Alert+Extension.swift in Sources */,
				C32FF07028C70D0A00949E05 /* BaseViewController.swift in Sources */,
				C32FF07A28C719E900949E05 /* FirstViewController.swift in Sources */,
				C32FF07C28C719F100949E05 /* SecondViewController.swift in Sources */,
				C32FF05828C70C8800949E05 /* AppDelegate.swift in Sources */,
				C32FF09B28CAB71D00949E05 /* MainViewController.swift in Sources */,
				C34A89D228EC633A00F8BA4B /* ImportanceViewController.swift in Sources */,
				C32FF08228C7240900949E05 /* SecondView.swift in Sources */,
				C32FF0A528CF149600949E05 /* SettingView.swift in Sources */,
				C30F7CA92940C6190050C045 /* SplashView.swift in Sources */,
				C32FF07E28C719FA00949E05 /* ThirdViewController.swift in Sources */,
				C306AFA628E9934300D4BB6B /* String+Extension.swift in Sources */,
				C32FF08428C7240F00949E05 /* ThirdView.swift in Sources */,
				C34A89D428EC6B4600F8BA4B /* ImportanceViewCell.swift in Sources */,
				C34644BD28DF19810071EF13 /* File+Extension.swift in Sources */,
				C3D6455528D3503600850505 /* TodoScheme.swift in Sources */,
				C34644E628E2F1200071EF13 /* CustomNotePopupView.swift in Sources */,
				C32FF08028C7240300949E05 /* FirstView.swift in Sources */,
				C32FF05A28C70C8800949E05 /* SceneDelegate.swift in Sources */,
				C3D6454D28D1D59200850505 /* UIView+Extension.swift in Sources */,
				C34644E428E2F0EA0071EF13 /* CustomNotePopupViewController.swift in Sources */,
				C3AF2FFC28D9D5F800AF1A60 /* CustomMenuPopupViewController.swift in Sources */,
				C32FF0A728CF149F00949E05 /* SettingViewController.swift in Sources */,
				C32FF0A328CF13BA00949E05 /* CalendarView.swift in Sources */,
				C3D6455E28D354F900850505 /* TablePlusCell.swift in Sources */,
				C32FF09128C9AE9900949E05 /* Font+Extension.swift in Sources */,
				C32FF09928CAB71300949E05 /* MainView.swift in Sources */,
				C32FF08928C72EE300949E05 /* Color+Extension.swift in Sources */,
			);
			runOnlyForDeploymentPostprocessing = 0;
		};
/* End PBXSourcesBuildPhase section */

/* Begin PBXVariantGroup section */
		C32FF06228C70C8800949E05 /* LaunchScreen.storyboard */ = {
			isa = PBXVariantGroup;
			children = (
				C32FF06328C70C8800949E05 /* Base */,
			);
			name = LaunchScreen.storyboard;
			sourceTree = "<group>";
		};
		C398967728E8A12C0026B1AA /* Localizable.strings */ = {
			isa = PBXVariantGroup;
			children = (
				C398967628E8A12C0026B1AA /* en */,
				C398967828E8A15F0026B1AA /* ko */,
			);
			name = Localizable.strings;
			sourceTree = "<group>";
		};
/* End PBXVariantGroup section */

/* Begin XCBuildConfiguration section */
		C32FF06628C70C8800949E05 /* Debug */ = {
			isa = XCBuildConfiguration;
			buildSettings = {
				ALWAYS_SEARCH_USER_PATHS = NO;
				CLANG_ANALYZER_LOCALIZABILITY_NONLOCALIZED = YES;
				CLANG_ANALYZER_NONNULL = YES;
				CLANG_ANALYZER_NUMBER_OBJECT_CONVERSION = YES_AGGRESSIVE;
				CLANG_CXX_LANGUAGE_STANDARD = "gnu++17";
				CLANG_ENABLE_MODULES = YES;
				CLANG_ENABLE_OBJC_ARC = YES;
				CLANG_ENABLE_OBJC_WEAK = YES;
				CLANG_WARN_BLOCK_CAPTURE_AUTORELEASING = YES;
				CLANG_WARN_BOOL_CONVERSION = YES;
				CLANG_WARN_COMMA = YES;
				CLANG_WARN_CONSTANT_CONVERSION = YES;
				CLANG_WARN_DEPRECATED_OBJC_IMPLEMENTATIONS = YES;
				CLANG_WARN_DIRECT_OBJC_ISA_USAGE = YES_ERROR;
				CLANG_WARN_DOCUMENTATION_COMMENTS = YES;
				CLANG_WARN_EMPTY_BODY = YES;
				CLANG_WARN_ENUM_CONVERSION = YES;
				CLANG_WARN_INFINITE_RECURSION = YES;
				CLANG_WARN_INT_CONVERSION = YES;
				CLANG_WARN_NON_LITERAL_NULL_CONVERSION = YES;
				CLANG_WARN_OBJC_IMPLICIT_RETAIN_SELF = YES;
				CLANG_WARN_OBJC_LITERAL_CONVERSION = YES;
				CLANG_WARN_OBJC_ROOT_CLASS = YES_ERROR;
				CLANG_WARN_QUOTED_INCLUDE_IN_FRAMEWORK_HEADER = YES;
				CLANG_WARN_RANGE_LOOP_ANALYSIS = YES;
				CLANG_WARN_STRICT_PROTOTYPES = YES;
				CLANG_WARN_SUSPICIOUS_MOVE = YES;
				CLANG_WARN_UNGUARDED_AVAILABILITY = YES_AGGRESSIVE;
				CLANG_WARN_UNREACHABLE_CODE = YES;
				CLANG_WARN__DUPLICATE_METHOD_MATCH = YES;
				COPY_PHASE_STRIP = NO;
				DEBUG_INFORMATION_FORMAT = dwarf;
				ENABLE_STRICT_OBJC_MSGSEND = YES;
				ENABLE_TESTABILITY = YES;
				GCC_C_LANGUAGE_STANDARD = gnu11;
				GCC_DYNAMIC_NO_PIC = NO;
				GCC_NO_COMMON_BLOCKS = YES;
				GCC_OPTIMIZATION_LEVEL = 0;
				GCC_PREPROCESSOR_DEFINITIONS = (
					"DEBUG=1",
					"$(inherited)",
				);
				GCC_WARN_64_TO_32_BIT_CONVERSION = YES;
				GCC_WARN_ABOUT_RETURN_TYPE = YES_ERROR;
				GCC_WARN_UNDECLARED_SELECTOR = YES;
				GCC_WARN_UNINITIALIZED_AUTOS = YES_AGGRESSIVE;
				GCC_WARN_UNUSED_FUNCTION = YES;
				GCC_WARN_UNUSED_VARIABLE = YES;
				IPHONEOS_DEPLOYMENT_TARGET = 15.5;
				MTL_ENABLE_DEBUG_INFO = INCLUDE_SOURCE;
				MTL_FAST_MATH = YES;
				ONLY_ACTIVE_ARCH = YES;
				SDKROOT = iphoneos;
				SWIFT_ACTIVE_COMPILATION_CONDITIONS = DEBUG;
				SWIFT_OPTIMIZATION_LEVEL = "-Onone";
			};
			name = Debug;
		};
		C32FF06728C70C8800949E05 /* Release */ = {
			isa = XCBuildConfiguration;
			buildSettings = {
				ALWAYS_SEARCH_USER_PATHS = NO;
				CLANG_ANALYZER_LOCALIZABILITY_NONLOCALIZED = YES;
				CLANG_ANALYZER_NONNULL = YES;
				CLANG_ANALYZER_NUMBER_OBJECT_CONVERSION = YES_AGGRESSIVE;
				CLANG_CXX_LANGUAGE_STANDARD = "gnu++17";
				CLANG_ENABLE_MODULES = YES;
				CLANG_ENABLE_OBJC_ARC = YES;
				CLANG_ENABLE_OBJC_WEAK = YES;
				CLANG_WARN_BLOCK_CAPTURE_AUTORELEASING = YES;
				CLANG_WARN_BOOL_CONVERSION = YES;
				CLANG_WARN_COMMA = YES;
				CLANG_WARN_CONSTANT_CONVERSION = YES;
				CLANG_WARN_DEPRECATED_OBJC_IMPLEMENTATIONS = YES;
				CLANG_WARN_DIRECT_OBJC_ISA_USAGE = YES_ERROR;
				CLANG_WARN_DOCUMENTATION_COMMENTS = YES;
				CLANG_WARN_EMPTY_BODY = YES;
				CLANG_WARN_ENUM_CONVERSION = YES;
				CLANG_WARN_INFINITE_RECURSION = YES;
				CLANG_WARN_INT_CONVERSION = YES;
				CLANG_WARN_NON_LITERAL_NULL_CONVERSION = YES;
				CLANG_WARN_OBJC_IMPLICIT_RETAIN_SELF = YES;
				CLANG_WARN_OBJC_LITERAL_CONVERSION = YES;
				CLANG_WARN_OBJC_ROOT_CLASS = YES_ERROR;
				CLANG_WARN_QUOTED_INCLUDE_IN_FRAMEWORK_HEADER = YES;
				CLANG_WARN_RANGE_LOOP_ANALYSIS = YES;
				CLANG_WARN_STRICT_PROTOTYPES = YES;
				CLANG_WARN_SUSPICIOUS_MOVE = YES;
				CLANG_WARN_UNGUARDED_AVAILABILITY = YES_AGGRESSIVE;
				CLANG_WARN_UNREACHABLE_CODE = YES;
				CLANG_WARN__DUPLICATE_METHOD_MATCH = YES;
				COPY_PHASE_STRIP = NO;
				DEBUG_INFORMATION_FORMAT = "dwarf-with-dsym";
				ENABLE_NS_ASSERTIONS = NO;
				ENABLE_STRICT_OBJC_MSGSEND = YES;
				GCC_C_LANGUAGE_STANDARD = gnu11;
				GCC_NO_COMMON_BLOCKS = YES;
				GCC_WARN_64_TO_32_BIT_CONVERSION = YES;
				GCC_WARN_ABOUT_RETURN_TYPE = YES_ERROR;
				GCC_WARN_UNDECLARED_SELECTOR = YES;
				GCC_WARN_UNINITIALIZED_AUTOS = YES_AGGRESSIVE;
				GCC_WARN_UNUSED_FUNCTION = YES;
				GCC_WARN_UNUSED_VARIABLE = YES;
				IPHONEOS_DEPLOYMENT_TARGET = 15.5;
				MTL_ENABLE_DEBUG_INFO = NO;
				MTL_FAST_MATH = YES;
				SDKROOT = iphoneos;
				SWIFT_COMPILATION_MODE = wholemodule;
				SWIFT_OPTIMIZATION_LEVEL = "-O";
				VALIDATE_PRODUCT = YES;
			};
			name = Release;
		};
		C32FF06928C70C8800949E05 /* Debug */ = {
			isa = XCBuildConfiguration;
			buildSettings = {
				ASSETCATALOG_COMPILER_APPICON_NAME = AppIcon;
				ASSETCATALOG_COMPILER_GLOBAL_ACCENT_COLOR_NAME = AccentColor;
				CODE_SIGN_ENTITLEMENTS = NewTro_Todo/NewTro_Todo.entitlements;
				CODE_SIGN_STYLE = Automatic;
				CURRENT_PROJECT_VERSION = 0;
				DEBUG_INFORMATION_FORMAT = dwarf;
				DEVELOPMENT_TEAM = 48S4T8HCYX;
				GENERATE_INFOPLIST_FILE = YES;
				INFOPLIST_FILE = NewTro_Todo/Info.plist;
				INFOPLIST_KEY_CFBundleDisplayName = "뉴트로 투두";
				INFOPLIST_KEY_UIApplicationSupportsIndirectInputEvents = YES;
				INFOPLIST_KEY_UILaunchStoryboardName = LaunchScreen;
				INFOPLIST_KEY_UIMainStoryboardFile = Main;
				INFOPLIST_KEY_UISupportedInterfaceOrientations = UIInterfaceOrientationPortrait;
				INFOPLIST_KEY_UISupportedInterfaceOrientations_iPad = "UIInterfaceOrientationPortrait UIInterfaceOrientationPortraitUpsideDown UIInterfaceOrientationLandscapeLeft UIInterfaceOrientationLandscapeRight";
				INFOPLIST_KEY_UISupportedInterfaceOrientations_iPhone = UIInterfaceOrientationPortrait;
				INFOPLIST_KEY_UIUserInterfaceStyle = Light;
				IPHONEOS_DEPLOYMENT_TARGET = 15.0;
				LD_RUNPATH_SEARCH_PATHS = (
					"$(inherited)",
					"@executable_path/Frameworks",
				);
				MARKETING_VERSION = 1.2.5;
				PRODUCT_BUNDLE_IDENTIFIER = "com.jun.NewTro-Todo";
				PRODUCT_NAME = "$(TARGET_NAME)";
				SWIFT_EMIT_LOC_STRINGS = YES;
				SWIFT_VERSION = 5.0;
				TARGETED_DEVICE_FAMILY = 1;
			};
			name = Debug;
		};
		C32FF06A28C70C8800949E05 /* Release */ = {
			isa = XCBuildConfiguration;
			buildSettings = {
				ASSETCATALOG_COMPILER_APPICON_NAME = AppIcon;
				ASSETCATALOG_COMPILER_GLOBAL_ACCENT_COLOR_NAME = AccentColor;
				CODE_SIGN_ENTITLEMENTS = NewTro_Todo/NewTro_Todo.entitlements;
				CODE_SIGN_STYLE = Automatic;
				CURRENT_PROJECT_VERSION = 0;
				DEVELOPMENT_TEAM = 48S4T8HCYX;
				GENERATE_INFOPLIST_FILE = YES;
				INFOPLIST_FILE = NewTro_Todo/Info.plist;
				INFOPLIST_KEY_CFBundleDisplayName = "뉴트로 투두";
				INFOPLIST_KEY_UIApplicationSupportsIndirectInputEvents = YES;
				INFOPLIST_KEY_UILaunchStoryboardName = LaunchScreen;
				INFOPLIST_KEY_UIMainStoryboardFile = Main;
				INFOPLIST_KEY_UISupportedInterfaceOrientations = UIInterfaceOrientationPortrait;
				INFOPLIST_KEY_UISupportedInterfaceOrientations_iPad = "UIInterfaceOrientationPortrait UIInterfaceOrientationPortraitUpsideDown UIInterfaceOrientationLandscapeLeft UIInterfaceOrientationLandscapeRight";
				INFOPLIST_KEY_UISupportedInterfaceOrientations_iPhone = UIInterfaceOrientationPortrait;
				INFOPLIST_KEY_UIUserInterfaceStyle = Light;
				IPHONEOS_DEPLOYMENT_TARGET = 15.0;
				LD_RUNPATH_SEARCH_PATHS = (
					"$(inherited)",
					"@executable_path/Frameworks",
				);
				MARKETING_VERSION = 1.2.5;
				PRODUCT_BUNDLE_IDENTIFIER = "com.jun.NewTro-Todo";
				PRODUCT_NAME = "$(TARGET_NAME)";
				SWIFT_EMIT_LOC_STRINGS = YES;
				SWIFT_VERSION = 5.0;
				TARGETED_DEVICE_FAMILY = 1;
			};
			name = Release;
		};
/* End XCBuildConfiguration section */

/* Begin XCConfigurationList section */
		C32FF04F28C70C8700949E05 /* Build configuration list for PBXProject "NewTro_Todo" */ = {
			isa = XCConfigurationList;
			buildConfigurations = (
				C32FF06628C70C8800949E05 /* Debug */,
				C32FF06728C70C8800949E05 /* Release */,
			);
			defaultConfigurationIsVisible = 0;
			defaultConfigurationName = Release;
		};
		C32FF06828C70C8800949E05 /* Build configuration list for PBXNativeTarget "NewTro_Todo" */ = {
			isa = XCConfigurationList;
			buildConfigurations = (
				C32FF06928C70C8800949E05 /* Debug */,
				C32FF06A28C70C8800949E05 /* Release */,
			);
			defaultConfigurationIsVisible = 0;
			defaultConfigurationName = Release;
		};
/* End XCConfigurationList section */

/* Begin XCRemoteSwiftPackageReference section */
		C32FF07628C7129C00949E05 /* XCRemoteSwiftPackageReference "SnapKit" */ = {
			isa = XCRemoteSwiftPackageReference;
			repositoryURL = "https://github.com/SnapKit/SnapKit.git";
			requirement = {
				kind = upToNextMajorVersion;
				minimumVersion = 5.0.0;
			};
		};
		C34644B928DEDC840071EF13 /* XCRemoteSwiftPackageReference "Zip" */ = {
			isa = XCRemoteSwiftPackageReference;
			repositoryURL = "https://github.com/marmelroy/Zip.git";
			requirement = {
				kind = upToNextMajorVersion;
				minimumVersion = 2.0.0;
			};
		};
		C34644E828E3DCE80071EF13 /* XCRemoteSwiftPackageReference "realm-swift" */ = {
			isa = XCRemoteSwiftPackageReference;
			repositoryURL = "https://github.com/realm/realm-swift.git";
			requirement = {
				kind = upToNextMajorVersion;
				minimumVersion = 10.0.0;
			};
		};
		C34644ED28E492670071EF13 /* XCRemoteSwiftPackageReference "AcknowList" */ = {
			isa = XCRemoteSwiftPackageReference;
			repositoryURL = "https://github.com/vtourraine/AcknowList.git";
			requirement = {
				kind = upToNextMajorVersion;
				minimumVersion = 3.0.0;
			};
		};
		C37B16BC28CF7DAD0086E3C6 /* XCRemoteSwiftPackageReference "Toast-Swift" */ = {
			isa = XCRemoteSwiftPackageReference;
			repositoryURL = "https://github.com/scalessec/Toast-Swift.git";
			requirement = {
				kind = upToNextMajorVersion;
				minimumVersion = 5.0.0;
			};
		};
		C38EC07628F599B70027B0B0 /* XCRemoteSwiftPackageReference "firebase-ios-sdk" */ = {
			isa = XCRemoteSwiftPackageReference;
			repositoryURL = "https://github.com/firebase/firebase-ios-sdk";
			requirement = {
				kind = upToNextMajorVersion;
				minimumVersion = 9.0.0;
			};
		};
		C3D6454028D05E4700850505 /* XCRemoteSwiftPackageReference "FSCalendar" */ = {
			isa = XCRemoteSwiftPackageReference;
			repositoryURL = "https://github.com/WenchaoD/FSCalendar.git";
			requirement = {
				kind = upToNextMajorVersion;
				minimumVersion = 2.0.0;
			};
		};
		C3EF20B728DBFB1400141757 /* XCRemoteSwiftPackageReference "IQKeyboardManager" */ = {
			isa = XCRemoteSwiftPackageReference;
			repositoryURL = "https://github.com/hackiftekhar/IQKeyboardManager.git";
			requirement = {
				kind = upToNextMajorVersion;
				minimumVersion = 6.5.0;
			};
		};
/* End XCRemoteSwiftPackageReference section */

/* Begin XCSwiftPackageProductDependency section */
		C32FF07728C7129C00949E05 /* SnapKit */ = {
			isa = XCSwiftPackageProductDependency;
			package = C32FF07628C7129C00949E05 /* XCRemoteSwiftPackageReference "SnapKit" */;
			productName = SnapKit;
		};
		C34644BA28DEDC840071EF13 /* Zip */ = {
			isa = XCSwiftPackageProductDependency;
			package = C34644B928DEDC840071EF13 /* XCRemoteSwiftPackageReference "Zip" */;
			productName = Zip;
		};
		C34644E928E3DCE80071EF13 /* Realm */ = {
			isa = XCSwiftPackageProductDependency;
			package = C34644E828E3DCE80071EF13 /* XCRemoteSwiftPackageReference "realm-swift" */;
			productName = Realm;
		};
		C34644EB28E3DCE80071EF13 /* RealmSwift */ = {
			isa = XCSwiftPackageProductDependency;
			package = C34644E828E3DCE80071EF13 /* XCRemoteSwiftPackageReference "realm-swift" */;
			productName = RealmSwift;
		};
		C34644EE28E492670071EF13 /* AcknowList */ = {
			isa = XCSwiftPackageProductDependency;
			package = C34644ED28E492670071EF13 /* XCRemoteSwiftPackageReference "AcknowList" */;
			productName = AcknowList;
		};
		C37B16BD28CF7DAD0086E3C6 /* Toast */ = {
			isa = XCSwiftPackageProductDependency;
			package = C37B16BC28CF7DAD0086E3C6 /* XCRemoteSwiftPackageReference "Toast-Swift" */;
			productName = Toast;
		};
		C38EC07728F599B70027B0B0 /* FirebaseAnalyticsWithoutAdIdSupport */ = {
			isa = XCSwiftPackageProductDependency;
			package = C38EC07628F599B70027B0B0 /* XCRemoteSwiftPackageReference "firebase-ios-sdk" */;
			productName = FirebaseAnalyticsWithoutAdIdSupport;
		};
		C38EC07928F599B70027B0B0 /* FirebaseCrashlytics */ = {
			isa = XCSwiftPackageProductDependency;
			package = C38EC07628F599B70027B0B0 /* XCRemoteSwiftPackageReference "firebase-ios-sdk" */;
			productName = FirebaseCrashlytics;
		};
		C38EC07B28F599B70027B0B0 /* FirebaseMessaging */ = {
			isa = XCSwiftPackageProductDependency;
			package = C38EC07628F599B70027B0B0 /* XCRemoteSwiftPackageReference "firebase-ios-sdk" */;
			productName = FirebaseMessaging;
		};
		C3D6454128D05E4700850505 /* FSCalendar */ = {
			isa = XCSwiftPackageProductDependency;
			package = C3D6454028D05E4700850505 /* XCRemoteSwiftPackageReference "FSCalendar" */;
			productName = FSCalendar;
		};
		C3EF20B828DBFB1400141757 /* IQKeyboardManagerSwift */ = {
			isa = XCSwiftPackageProductDependency;
			package = C3EF20B728DBFB1400141757 /* XCRemoteSwiftPackageReference "IQKeyboardManager" */;
			productName = IQKeyboardManagerSwift;
		};
/* End XCSwiftPackageProductDependency section */
	};
	rootObject = C32FF04C28C70C8700949E05 /* Project object */;
}
