// !$*UTF8*$!
{
	archiveVersion = 1;
	classes = {
	};
	objectVersion = 55;
	objects = {

/* Begin PBXBuildFile section */
		5A37E2702CBE50B30046FFBD /* CustomCalendarView.swift in Sources */ = {isa = PBXBuildFile; fileRef = 5A37E26F2CBE50B30046FFBD /* CustomCalendarView.swift */; };
		5A37E2722CBE51740046FFBD /* CalendarCell.swift in Sources */ = {isa = PBXBuildFile; fileRef = 5A37E2712CBE51740046FFBD /* CalendarCell.swift */; };
		5A46EE062CBE290500F59624 /* TodoListView.swift in Sources */ = {isa = PBXBuildFile; fileRef = 5A46EE052CBE290500F59624 /* TodoListView.swift */; };
		5A46EE082CBE296C00F59624 /* TodoListViewModel.swift in Sources */ = {isa = PBXBuildFile; fileRef = 5A46EE072CBE296C00F59624 /* TodoListViewModel.swift */; };
		5A46EE0B2CBE297E00F59624 /* GetPickedDateTodoUseCase.swift in Sources */ = {isa = PBXBuildFile; fileRef = 5A46EE0A2CBE297E00F59624 /* GetPickedDateTodoUseCase.swift */; };
		5A46EE0F2CBE29CC00F59624 /* Factory in Frameworks */ = {isa = PBXBuildFile; productRef = 5A46EE0E2CBE29CC00F59624 /* Factory */; };
		5A46EE122CBE29FF00F59624 /* TodoRepository.swift in Sources */ = {isa = PBXBuildFile; fileRef = 5A46EE112CBE29FF00F59624 /* TodoRepository.swift */; };
		5A46EE152CBE2A2500F59624 /* Todo.swift in Sources */ = {isa = PBXBuildFile; fileRef = 5A46EE142CBE2A2500F59624 /* Todo.swift */; };
		5A46EE1C2CBE2AF900F59624 /* MemoTable.swift in Sources */ = {isa = PBXBuildFile; fileRef = 5A46EE1B2CBE2AF900F59624 /* MemoTable.swift */; };
		5A46EE212CBE2CAD00F59624 /* TodoRepositoryImpl.swift in Sources */ = {isa = PBXBuildFile; fileRef = 5A46EE202CBE2CAD00F59624 /* TodoRepositoryImpl.swift */; };
		5A46EE242CBE2CEB00F59624 /* LocalTodoDataSource.swift in Sources */ = {isa = PBXBuildFile; fileRef = 5A46EE232CBE2CEB00F59624 /* LocalTodoDataSource.swift */; };
		5A46EE272CBE2D3A00F59624 /* LocalTodoDataSourceImpl.swift in Sources */ = {isa = PBXBuildFile; fileRef = 5A46EE262CBE2D3A00F59624 /* LocalTodoDataSourceImpl.swift */; };
		5A46EE2B2CBE2E6000F59624 /* DIContainer.swift in Sources */ = {isa = PBXBuildFile; fileRef = 5A46EE2A2CBE2E6000F59624 /* DIContainer.swift */; };
		5A46EE2D2CBE2FBE00F59624 /* TodoListCell.swift in Sources */ = {isa = PBXBuildFile; fileRef = 5A46EE2C2CBE2FBE00F59624 /* TodoListCell.swift */; };
		5A46EE312CBE41D000F59624 /* Color+Extension.swift in Sources */ = {isa = PBXBuildFile; fileRef = 5A46EE302CBE41D000F59624 /* Color+Extension.swift */; };
		5A46EE352CBE424700F59624 /* NewtroColor.swift in Sources */ = {isa = PBXBuildFile; fileRef = 5A46EE342CBE424700F59624 /* NewtroColor.swift */; };
		5A46EE362CBE499800F59624 /* Todo.swift in Sources */ = {isa = PBXBuildFile; fileRef = 5A46EE142CBE2A2500F59624 /* Todo.swift */; };
		5AA26DD42CBF87250000D909 /* GetAllTodoDateUseCase.swift in Sources */ = {isa = PBXBuildFile; fileRef = 5AA26DD32CBF87250000D909 /* GetAllTodoDateUseCase.swift */; };
		5AA26DE02CC5E86D0000D909 /* BounceButton.swift in Sources */ = {isa = PBXBuildFile; fileRef = 5AA26DDF2CC5E86D0000D909 /* BounceButton.swift */; };
		5AF195A82CBF4060006D29CE /* Realm in Frameworks */ = {isa = PBXBuildFile; productRef = 5AF195A72CBF4060006D29CE /* Realm */; };
		5AF195AA2CBF4060006D29CE /* RealmSwift in Frameworks */ = {isa = PBXBuildFile; productRef = 5AF195A92CBF4060006D29CE /* RealmSwift */; };
		5AF195AC2CBF40EA006D29CE /* Realm in Frameworks */ = {isa = PBXBuildFile; productRef = 5AF195AB2CBF40EA006D29CE /* Realm */; };
		5AF195AE2CBF40EA006D29CE /* RealmSwift in Frameworks */ = {isa = PBXBuildFile; productRef = 5AF195AD2CBF40EA006D29CE /* RealmSwift */; };
		C306AFA628E9934300D4BB6B /* String+Extension.swift in Sources */ = {isa = PBXBuildFile; fileRef = C306AFA528E9934300D4BB6B /* String+Extension.swift */; };
		C30F7CA92940C6190050C045 /* SplashView.swift in Sources */ = {isa = PBXBuildFile; fileRef = C30F7CA82940C6190050C045 /* SplashView.swift */; };
		C30F7CAC2940C7380050C045 /* SplashViewController.swift in Sources */ = {isa = PBXBuildFile; fileRef = C30F7CAB2940C7380050C045 /* SplashViewController.swift */; };
		C319235329713C5D00DB669D /* TodoScheme.swift in Sources */ = {isa = PBXBuildFile; fileRef = C3D6455428D3503600850505 /* TodoScheme.swift */; };
		C319235929715BE200DB669D /* RealmManager.swift in Sources */ = {isa = PBXBuildFile; fileRef = C319235829715BE200DB669D /* RealmManager.swift */; };
		C319235A29715D7900DB669D /* DateFormat+Extension.swift in Sources */ = {isa = PBXBuildFile; fileRef = C3D6455B28D353B700850505 /* DateFormat+Extension.swift */; };
		C319235B29715E0100DB669D /* Localizable.strings in Resources */ = {isa = PBXBuildFile; fileRef = C398967728E8A12C0026B1AA /* Localizable.strings */; };
		C319235C2971624C00DB669D /* RealmManager.swift in Sources */ = {isa = PBXBuildFile; fileRef = C319235829715BE200DB669D /* RealmManager.swift */; };
		C32521EE2A23703B005EA5C2 /* Date+Extension.swift in Sources */ = {isa = PBXBuildFile; fileRef = C32521ED2A23703B005EA5C2 /* Date+Extension.swift */; };
		C32FF05828C70C8800949E05 /* AppDelegate.swift in Sources */ = {isa = PBXBuildFile; fileRef = C32FF05728C70C8800949E05 /* AppDelegate.swift */; };
		C32FF05A28C70C8800949E05 /* SceneDelegate.swift in Sources */ = {isa = PBXBuildFile; fileRef = C32FF05928C70C8800949E05 /* SceneDelegate.swift */; };
		C32FF06128C70C8800949E05 /* Assets.xcassets in Resources */ = {isa = PBXBuildFile; fileRef = C32FF06028C70C8800949E05 /* Assets.xcassets */; };
		C32FF06428C70C8800949E05 /* LaunchScreen.storyboard in Resources */ = {isa = PBXBuildFile; fileRef = C32FF06228C70C8800949E05 /* LaunchScreen.storyboard */; };
		C32FF06E28C70D0300949E05 /* BaseView.swift in Sources */ = {isa = PBXBuildFile; fileRef = C32FF06D28C70D0300949E05 /* BaseView.swift */; };
		C32FF07028C70D0A00949E05 /* BaseViewController.swift in Sources */ = {isa = PBXBuildFile; fileRef = C32FF06F28C70D0A00949E05 /* BaseViewController.swift */; };
		C32FF07528C70F1800949E05 /* PageViewController.swift in Sources */ = {isa = PBXBuildFile; fileRef = C32FF07428C70F1800949E05 /* PageViewController.swift */; };
		C32FF07828C7129C00949E05 /* SnapKit in Frameworks */ = {isa = PBXBuildFile; productRef = C32FF07728C7129C00949E05 /* SnapKit */; };
		C32FF07A28C719E900949E05 /* FirstViewController.swift in Sources */ = {isa = PBXBuildFile; fileRef = C32FF07928C719E900949E05 /* FirstViewController.swift */; };
		C32FF07C28C719F100949E05 /* SecondViewController.swift in Sources */ = {isa = PBXBuildFile; fileRef = C32FF07B28C719F100949E05 /* SecondViewController.swift */; };
		C32FF07E28C719FA00949E05 /* ThirdViewController.swift in Sources */ = {isa = PBXBuildFile; fileRef = C32FF07D28C719FA00949E05 /* ThirdViewController.swift */; };
		C32FF08028C7240300949E05 /* FirstView.swift in Sources */ = {isa = PBXBuildFile; fileRef = C32FF07F28C7240300949E05 /* FirstView.swift */; };
		C32FF08228C7240900949E05 /* SecondView.swift in Sources */ = {isa = PBXBuildFile; fileRef = C32FF08128C7240900949E05 /* SecondView.swift */; };
		C32FF08428C7240F00949E05 /* ThirdView.swift in Sources */ = {isa = PBXBuildFile; fileRef = C32FF08328C7240F00949E05 /* ThirdView.swift */; };
		C32FF08628C724CF00949E05 /* BasePageView.swift in Sources */ = {isa = PBXBuildFile; fileRef = C32FF08528C724CF00949E05 /* BasePageView.swift */; };
		C32FF08928C72EE300949E05 /* UIColor+Extension.swift in Sources */ = {isa = PBXBuildFile; fileRef = C32FF08828C72EE300949E05 /* UIColor+Extension.swift */; };
		C32FF09128C9AE9900949E05 /* Font+Extension.swift in Sources */ = {isa = PBXBuildFile; fileRef = C32FF09028C9AE9900949E05 /* Font+Extension.swift */; };
		C32FF09528C9AECF00949E05 /* Galmuri11-Condensed.ttf in Resources */ = {isa = PBXBuildFile; fileRef = C32FF09428C9AECF00949E05 /* Galmuri11-Condensed.ttf */; };
		C32FF09728CAAB6F00949E05 /* Galmuri11-Bold.ttf in Resources */ = {isa = PBXBuildFile; fileRef = C32FF09628CAAB6F00949E05 /* Galmuri11-Bold.ttf */; };
		C32FF09928CAB71300949E05 /* MainView.swift in Sources */ = {isa = PBXBuildFile; fileRef = C32FF09828CAB71300949E05 /* MainView.swift */; };
		C32FF09B28CAB71D00949E05 /* MainViewController.swift in Sources */ = {isa = PBXBuildFile; fileRef = C32FF09A28CAB71D00949E05 /* MainViewController.swift */; };
		C32FF0A028CF13A600949E05 /* CalendarViewController.swift in Sources */ = {isa = PBXBuildFile; fileRef = C32FF09F28CF13A600949E05 /* CalendarViewController.swift */; };
		C32FF0A328CF13BA00949E05 /* CalendarView.swift in Sources */ = {isa = PBXBuildFile; fileRef = C32FF0A228CF13BA00949E05 /* CalendarView.swift */; };
		C32FF0A528CF149600949E05 /* SettingView.swift in Sources */ = {isa = PBXBuildFile; fileRef = C32FF0A428CF149600949E05 /* SettingView.swift */; };
		C32FF0A728CF149F00949E05 /* SettingViewController.swift in Sources */ = {isa = PBXBuildFile; fileRef = C32FF0A628CF149F00949E05 /* SettingViewController.swift */; };
		C332698929704AB1009B1E1C /* WidgetKit.framework in Frameworks */ = {isa = PBXBuildFile; fileRef = C332698829704AB1009B1E1C /* WidgetKit.framework */; };
		C332698B29704AB1009B1E1C /* SwiftUI.framework in Frameworks */ = {isa = PBXBuildFile; fileRef = C332698A29704AB1009B1E1C /* SwiftUI.framework */; };
		C332698E29704AB1009B1E1C /* NewtroWidget.swift in Sources */ = {isa = PBXBuildFile; fileRef = C332698D29704AB1009B1E1C /* NewtroWidget.swift */; };
		C332699129704AB2009B1E1C /* Assets.xcassets in Resources */ = {isa = PBXBuildFile; fileRef = C332699029704AB2009B1E1C /* Assets.xcassets */; };
		C332699329704AB2009B1E1C /* NewtroWidget.intentdefinition in Sources */ = {isa = PBXBuildFile; fileRef = C332698F29704AB1009B1E1C /* NewtroWidget.intentdefinition */; };
		C332699429704AB2009B1E1C /* NewtroWidget.intentdefinition in Sources */ = {isa = PBXBuildFile; fileRef = C332698F29704AB1009B1E1C /* NewtroWidget.intentdefinition */; };
		C332699729704AB2009B1E1C /* NewtroWidgetExtension.appex in Embed Foundation Extensions */ = {isa = PBXBuildFile; fileRef = C332698629704AB1009B1E1C /* NewtroWidgetExtension.appex */; settings = {ATTRIBUTES = (RemoveHeadersOnCopy, ); }; };
		C34644BB28DEDC840071EF13 /* Zip in Frameworks */ = {isa = PBXBuildFile; productRef = C34644BA28DEDC840071EF13 /* Zip */; };
		C34644BD28DF19810071EF13 /* File+Extension.swift in Sources */ = {isa = PBXBuildFile; fileRef = C34644BC28DF19810071EF13 /* File+Extension.swift */; };
		C34644E428E2F0EA0071EF13 /* CustomNotePopupViewController.swift in Sources */ = {isa = PBXBuildFile; fileRef = C34644E328E2F0EA0071EF13 /* CustomNotePopupViewController.swift */; };
		C34644E628E2F1200071EF13 /* CustomNotePopupView.swift in Sources */ = {isa = PBXBuildFile; fileRef = C34644E528E2F1200071EF13 /* CustomNotePopupView.swift */; };
		C34644EF28E492670071EF13 /* AcknowList in Frameworks */ = {isa = PBXBuildFile; productRef = C34644EE28E492670071EF13 /* AcknowList */; };
		C34644F128E493980071EF13 /* Package.resolved in Resources */ = {isa = PBXBuildFile; fileRef = C34644F028E493980071EF13 /* Package.resolved */; };
		C34970262A18FDFE00112A7F /* OnboardingView.swift in Sources */ = {isa = PBXBuildFile; fileRef = C34970252A18FDFE00112A7F /* OnboardingView.swift */; };
		C349702A2A18FF1D00112A7F /* MainViewSU.swift in Sources */ = {isa = PBXBuildFile; fileRef = C34970292A18FF1D00112A7F /* MainViewSU.swift */; };
		C34970472A1906B400112A7F /* WidgetImagePreviewView.swift in Sources */ = {isa = PBXBuildFile; fileRef = C34970462A1906B400112A7F /* WidgetImagePreviewView.swift */; };
		C349704B2A1908CC00112A7F /* WidgetImagePreviewViewModel.swift in Sources */ = {isa = PBXBuildFile; fileRef = C349704A2A1908CC00112A7F /* WidgetImagePreviewViewModel.swift */; };
		C349704E2A190B3400112A7F /* CustomImagePicker.swift in Sources */ = {isa = PBXBuildFile; fileRef = C349704D2A190B3400112A7F /* CustomImagePicker.swift */; };
		C34970502A190B9F00112A7F /* CustomButton.swift in Sources */ = {isa = PBXBuildFile; fileRef = C349704F2A190B9F00112A7F /* CustomButton.swift */; };
		C34970532A190BE200112A7F /* Constant.swift in Sources */ = {isa = PBXBuildFile; fileRef = C34970522A190BE200112A7F /* Constant.swift */; };
		C34970562A22464900112A7F /* TodoCellView.swift in Sources */ = {isa = PBXBuildFile; fileRef = C34970552A22464900112A7F /* TodoCellView.swift */; };
		C34970592A22471800112A7F /* CustomTextField in Frameworks */ = {isa = PBXBuildFile; productRef = C34970582A22471800112A7F /* CustomTextField */; };
		C34A89D028EC632E00F8BA4B /* ImportanceView.swift in Sources */ = {isa = PBXBuildFile; fileRef = C34A89CF28EC632E00F8BA4B /* ImportanceView.swift */; };
		C34A89D228EC633A00F8BA4B /* ImportanceViewController.swift in Sources */ = {isa = PBXBuildFile; fileRef = C34A89D128EC633A00F8BA4B /* ImportanceViewController.swift */; };
		C34A89D428EC6B4600F8BA4B /* ImportanceViewCell.swift in Sources */ = {isa = PBXBuildFile; fileRef = C34A89D328EC6B4600F8BA4B /* ImportanceViewCell.swift */; };
		C36567CD2AF7726100DD56F3 /* NewSplashView.swift in Sources */ = {isa = PBXBuildFile; fileRef = C36567CC2AF7726100DD56F3 /* NewSplashView.swift */; };
		C37AADAD294C86AB0051E68E /* .gitignore in Resources */ = {isa = PBXBuildFile; fileRef = C37AADAC294C86AB0051E68E /* .gitignore */; };
		C37B16BE28CF7DAD0086E3C6 /* Toast in Frameworks */ = {isa = PBXBuildFile; productRef = C37B16BD28CF7DAD0086E3C6 /* Toast */; };
		C383DF1C29713222000C62CD /* Galmuri11-Condensed.ttf in Resources */ = {isa = PBXBuildFile; fileRef = C32FF09428C9AECF00949E05 /* Galmuri11-Condensed.ttf */; };
		C383DF1E2971358E000C62CD /* UIColor+Extension.swift in Sources */ = {isa = PBXBuildFile; fileRef = C32FF08828C72EE300949E05 /* UIColor+Extension.swift */; };
		C38EC07528F597E40027B0B0 /* GoogleService-Info.plist in Resources */ = {isa = PBXBuildFile; fileRef = C38EC07428F597E40027B0B0 /* GoogleService-Info.plist */; };
		C38EC07828F599B70027B0B0 /* FirebaseAnalyticsWithoutAdIdSupport in Frameworks */ = {isa = PBXBuildFile; productRef = C38EC07728F599B70027B0B0 /* FirebaseAnalyticsWithoutAdIdSupport */; };
		C38EC07A28F599B70027B0B0 /* FirebaseCrashlytics in Frameworks */ = {isa = PBXBuildFile; productRef = C38EC07928F599B70027B0B0 /* FirebaseCrashlytics */; };
		C38EC07C28F599B70027B0B0 /* FirebaseMessaging in Frameworks */ = {isa = PBXBuildFile; productRef = C38EC07B28F599B70027B0B0 /* FirebaseMessaging */; };
		C398967528E8A12C0026B1AA /* Localizable.strings in Resources */ = {isa = PBXBuildFile; fileRef = C398967728E8A12C0026B1AA /* Localizable.strings */; };
		C3AF2FF928D9D25400AF1A60 /* CustomMenuPopupView.swift in Sources */ = {isa = PBXBuildFile; fileRef = C3AF2FF828D9D25400AF1A60 /* CustomMenuPopupView.swift */; };
		C3AF2FFC28D9D5F800AF1A60 /* CustomMenuPopupViewController.swift in Sources */ = {isa = PBXBuildFile; fileRef = C3AF2FFB28D9D5F800AF1A60 /* CustomMenuPopupViewController.swift */; };
		C3D6454228D05E4700850505 /* FSCalendar in Frameworks */ = {isa = PBXBuildFile; productRef = C3D6454128D05E4700850505 /* FSCalendar */; };
		C3D6454428D0ADEB00850505 /* Alert+Extension.swift in Sources */ = {isa = PBXBuildFile; fileRef = C3D6454328D0ADEB00850505 /* Alert+Extension.swift */; };
		C3D6454D28D1D59200850505 /* UIView+Extension.swift in Sources */ = {isa = PBXBuildFile; fileRef = C3D6454C28D1D59200850505 /* UIView+Extension.swift */; };
		C3D6455228D2346400850505 /* MainTableViewCell.swift in Sources */ = {isa = PBXBuildFile; fileRef = C3D6455128D2346400850505 /* MainTableViewCell.swift */; };
		C3D6455528D3503600850505 /* TodoScheme.swift in Sources */ = {isa = PBXBuildFile; fileRef = C3D6455428D3503600850505 /* TodoScheme.swift */; };
		C3D6455C28D353B700850505 /* DateFormat+Extension.swift in Sources */ = {isa = PBXBuildFile; fileRef = C3D6455B28D353B700850505 /* DateFormat+Extension.swift */; };
		C3D6455E28D354F900850505 /* TablePlusCell.swift in Sources */ = {isa = PBXBuildFile; fileRef = C3D6455D28D354F900850505 /* TablePlusCell.swift */; };
		C3EF20B928DBFB1400141757 /* IQKeyboardManagerSwift in Frameworks */ = {isa = PBXBuildFile; productRef = C3EF20B828DBFB1400141757 /* IQKeyboardManagerSwift */; };
/* End PBXBuildFile section */

/* Begin PBXContainerItemProxy section */
		C332699529704AB2009B1E1C /* PBXContainerItemProxy */ = {
			isa = PBXContainerItemProxy;
			containerPortal = C32FF04C28C70C8700949E05 /* Project object */;
			proxyType = 1;
			remoteGlobalIDString = C332698529704AB1009B1E1C;
			remoteInfo = NewtroWidgetExtension;
		};
/* End PBXContainerItemProxy section */

/* Begin PBXCopyFilesBuildPhase section */
		C332699829704AB2009B1E1C /* Embed Foundation Extensions */ = {
			isa = PBXCopyFilesBuildPhase;
			buildActionMask = 2147483647;
			dstPath = "";
			dstSubfolderSpec = 13;
			files = (
				C332699729704AB2009B1E1C /* NewtroWidgetExtension.appex in Embed Foundation Extensions */,
			);
			name = "Embed Foundation Extensions";
			runOnlyForDeploymentPostprocessing = 0;
		};
/* End PBXCopyFilesBuildPhase section */

/* Begin PBXFileReference section */
		5A37E26F2CBE50B30046FFBD /* CustomCalendarView.swift */ = {isa = PBXFileReference; lastKnownFileType = sourcecode.swift; path = CustomCalendarView.swift; sourceTree = "<group>"; };
		5A37E2712CBE51740046FFBD /* CalendarCell.swift */ = {isa = PBXFileReference; lastKnownFileType = sourcecode.swift; path = CalendarCell.swift; sourceTree = "<group>"; };
		5A46EE052CBE290500F59624 /* TodoListView.swift */ = {isa = PBXFileReference; lastKnownFileType = sourcecode.swift; path = TodoListView.swift; sourceTree = "<group>"; };
		5A46EE072CBE296C00F59624 /* TodoListViewModel.swift */ = {isa = PBXFileReference; lastKnownFileType = sourcecode.swift; path = TodoListViewModel.swift; sourceTree = "<group>"; };
		5A46EE0A2CBE297E00F59624 /* GetPickedDateTodoUseCase.swift */ = {isa = PBXFileReference; lastKnownFileType = sourcecode.swift; path = GetPickedDateTodoUseCase.swift; sourceTree = "<group>"; };
		5A46EE112CBE29FF00F59624 /* TodoRepository.swift */ = {isa = PBXFileReference; lastKnownFileType = sourcecode.swift; path = TodoRepository.swift; sourceTree = "<group>"; };
		5A46EE142CBE2A2500F59624 /* Todo.swift */ = {isa = PBXFileReference; lastKnownFileType = sourcecode.swift; path = Todo.swift; sourceTree = "<group>"; };
		5A46EE1B2CBE2AF900F59624 /* MemoTable.swift */ = {isa = PBXFileReference; lastKnownFileType = sourcecode.swift; path = MemoTable.swift; sourceTree = "<group>"; };
		5A46EE202CBE2CAD00F59624 /* TodoRepositoryImpl.swift */ = {isa = PBXFileReference; lastKnownFileType = sourcecode.swift; path = TodoRepositoryImpl.swift; sourceTree = "<group>"; };
		5A46EE232CBE2CEB00F59624 /* LocalTodoDataSource.swift */ = {isa = PBXFileReference; lastKnownFileType = sourcecode.swift; path = LocalTodoDataSource.swift; sourceTree = "<group>"; };
		5A46EE262CBE2D3A00F59624 /* LocalTodoDataSourceImpl.swift */ = {isa = PBXFileReference; lastKnownFileType = sourcecode.swift; path = LocalTodoDataSourceImpl.swift; sourceTree = "<group>"; };
		5A46EE2A2CBE2E6000F59624 /* DIContainer.swift */ = {isa = PBXFileReference; lastKnownFileType = sourcecode.swift; path = DIContainer.swift; sourceTree = "<group>"; };
		5A46EE2C2CBE2FBE00F59624 /* TodoListCell.swift */ = {isa = PBXFileReference; lastKnownFileType = sourcecode.swift; path = TodoListCell.swift; sourceTree = "<group>"; };
		5A46EE302CBE41D000F59624 /* Color+Extension.swift */ = {isa = PBXFileReference; lastKnownFileType = sourcecode.swift; path = "Color+Extension.swift"; sourceTree = "<group>"; };
		5A46EE342CBE424700F59624 /* NewtroColor.swift */ = {isa = PBXFileReference; lastKnownFileType = sourcecode.swift; path = NewtroColor.swift; sourceTree = "<group>"; };
		5AA26DD32CBF87250000D909 /* GetAllTodoDateUseCase.swift */ = {isa = PBXFileReference; lastKnownFileType = sourcecode.swift; path = GetAllTodoDateUseCase.swift; sourceTree = "<group>"; };
		5AA26DDF2CC5E86D0000D909 /* BounceButton.swift */ = {isa = PBXFileReference; lastKnownFileType = sourcecode.swift; path = BounceButton.swift; sourceTree = "<group>"; };
		C306AFA528E9934300D4BB6B /* String+Extension.swift */ = {isa = PBXFileReference; lastKnownFileType = sourcecode.swift; path = "String+Extension.swift"; sourceTree = "<group>"; };
		C30F7CA82940C6190050C045 /* SplashView.swift */ = {isa = PBXFileReference; lastKnownFileType = sourcecode.swift; path = SplashView.swift; sourceTree = "<group>"; };
		C30F7CAB2940C7380050C045 /* SplashViewController.swift */ = {isa = PBXFileReference; lastKnownFileType = sourcecode.swift; path = SplashViewController.swift; sourceTree = "<group>"; };
		C319235829715BE200DB669D /* RealmManager.swift */ = {isa = PBXFileReference; lastKnownFileType = sourcecode.swift; path = RealmManager.swift; sourceTree = "<group>"; };
		C32521ED2A23703B005EA5C2 /* Date+Extension.swift */ = {isa = PBXFileReference; lastKnownFileType = sourcecode.swift; path = "Date+Extension.swift"; sourceTree = "<group>"; };
		C32FF05428C70C8800949E05 /* NewTro_Todo.app */ = {isa = PBXFileReference; explicitFileType = wrapper.application; includeInIndex = 0; path = NewTro_Todo.app; sourceTree = BUILT_PRODUCTS_DIR; };
		C32FF05728C70C8800949E05 /* AppDelegate.swift */ = {isa = PBXFileReference; lastKnownFileType = sourcecode.swift; path = AppDelegate.swift; sourceTree = "<group>"; };
		C32FF05928C70C8800949E05 /* SceneDelegate.swift */ = {isa = PBXFileReference; lastKnownFileType = sourcecode.swift; path = SceneDelegate.swift; sourceTree = "<group>"; };
		C32FF06028C70C8800949E05 /* Assets.xcassets */ = {isa = PBXFileReference; lastKnownFileType = folder.assetcatalog; path = Assets.xcassets; sourceTree = "<group>"; };
		C32FF06328C70C8800949E05 /* Base */ = {isa = PBXFileReference; lastKnownFileType = file.storyboard; name = Base; path = Base.lproj/LaunchScreen.storyboard; sourceTree = "<group>"; };
		C32FF06528C70C8800949E05 /* Info.plist */ = {isa = PBXFileReference; lastKnownFileType = text.plist.xml; path = Info.plist; sourceTree = "<group>"; };
		C32FF06D28C70D0300949E05 /* BaseView.swift */ = {isa = PBXFileReference; lastKnownFileType = sourcecode.swift; path = BaseView.swift; sourceTree = "<group>"; };
		C32FF06F28C70D0A00949E05 /* BaseViewController.swift */ = {isa = PBXFileReference; lastKnownFileType = sourcecode.swift; path = BaseViewController.swift; sourceTree = "<group>"; };
		C32FF07428C70F1800949E05 /* PageViewController.swift */ = {isa = PBXFileReference; lastKnownFileType = sourcecode.swift; path = PageViewController.swift; sourceTree = "<group>"; };
		C32FF07928C719E900949E05 /* FirstViewController.swift */ = {isa = PBXFileReference; lastKnownFileType = sourcecode.swift; path = FirstViewController.swift; sourceTree = "<group>"; };
		C32FF07B28C719F100949E05 /* SecondViewController.swift */ = {isa = PBXFileReference; lastKnownFileType = sourcecode.swift; path = SecondViewController.swift; sourceTree = "<group>"; };
		C32FF07D28C719FA00949E05 /* ThirdViewController.swift */ = {isa = PBXFileReference; lastKnownFileType = sourcecode.swift; path = ThirdViewController.swift; sourceTree = "<group>"; };
		C32FF07F28C7240300949E05 /* FirstView.swift */ = {isa = PBXFileReference; lastKnownFileType = sourcecode.swift; path = FirstView.swift; sourceTree = "<group>"; };
		C32FF08128C7240900949E05 /* SecondView.swift */ = {isa = PBXFileReference; lastKnownFileType = sourcecode.swift; path = SecondView.swift; sourceTree = "<group>"; };
		C32FF08328C7240F00949E05 /* ThirdView.swift */ = {isa = PBXFileReference; lastKnownFileType = sourcecode.swift; path = ThirdView.swift; sourceTree = "<group>"; };
		C32FF08528C724CF00949E05 /* BasePageView.swift */ = {isa = PBXFileReference; lastKnownFileType = sourcecode.swift; path = BasePageView.swift; sourceTree = "<group>"; };
		C32FF08828C72EE300949E05 /* UIColor+Extension.swift */ = {isa = PBXFileReference; lastKnownFileType = sourcecode.swift; path = "UIColor+Extension.swift"; sourceTree = "<group>"; };
		C32FF09028C9AE9900949E05 /* Font+Extension.swift */ = {isa = PBXFileReference; lastKnownFileType = sourcecode.swift; path = "Font+Extension.swift"; sourceTree = "<group>"; };
		C32FF09428C9AECF00949E05 /* Galmuri11-Condensed.ttf */ = {isa = PBXFileReference; lastKnownFileType = file; path = "Galmuri11-Condensed.ttf"; sourceTree = "<group>"; };
		C32FF09628CAAB6F00949E05 /* Galmuri11-Bold.ttf */ = {isa = PBXFileReference; lastKnownFileType = file; path = "Galmuri11-Bold.ttf"; sourceTree = "<group>"; };
		C32FF09828CAB71300949E05 /* MainView.swift */ = {isa = PBXFileReference; lastKnownFileType = sourcecode.swift; path = MainView.swift; sourceTree = "<group>"; };
		C32FF09A28CAB71D00949E05 /* MainViewController.swift */ = {isa = PBXFileReference; lastKnownFileType = sourcecode.swift; path = MainViewController.swift; sourceTree = "<group>"; };
		C32FF09F28CF13A600949E05 /* CalendarViewController.swift */ = {isa = PBXFileReference; lastKnownFileType = sourcecode.swift; path = CalendarViewController.swift; sourceTree = "<group>"; };
		C32FF0A228CF13BA00949E05 /* CalendarView.swift */ = {isa = PBXFileReference; lastKnownFileType = sourcecode.swift; path = CalendarView.swift; sourceTree = "<group>"; };
		C32FF0A428CF149600949E05 /* SettingView.swift */ = {isa = PBXFileReference; lastKnownFileType = sourcecode.swift; path = SettingView.swift; sourceTree = "<group>"; };
		C32FF0A628CF149F00949E05 /* SettingViewController.swift */ = {isa = PBXFileReference; lastKnownFileType = sourcecode.swift; path = SettingViewController.swift; sourceTree = "<group>"; };
		C332698629704AB1009B1E1C /* NewtroWidgetExtension.appex */ = {isa = PBXFileReference; explicitFileType = "wrapper.app-extension"; includeInIndex = 0; path = NewtroWidgetExtension.appex; sourceTree = BUILT_PRODUCTS_DIR; };
		C332698829704AB1009B1E1C /* WidgetKit.framework */ = {isa = PBXFileReference; lastKnownFileType = wrapper.framework; name = WidgetKit.framework; path = System/Library/Frameworks/WidgetKit.framework; sourceTree = SDKROOT; };
		C332698A29704AB1009B1E1C /* SwiftUI.framework */ = {isa = PBXFileReference; lastKnownFileType = wrapper.framework; name = SwiftUI.framework; path = System/Library/Frameworks/SwiftUI.framework; sourceTree = SDKROOT; };
		C332698D29704AB1009B1E1C /* NewtroWidget.swift */ = {isa = PBXFileReference; lastKnownFileType = sourcecode.swift; path = NewtroWidget.swift; sourceTree = "<group>"; };
		C332698F29704AB1009B1E1C /* NewtroWidget.intentdefinition */ = {isa = PBXFileReference; lastKnownFileType = file.intentdefinition; path = NewtroWidget.intentdefinition; sourceTree = "<group>"; };
		C332699029704AB2009B1E1C /* Assets.xcassets */ = {isa = PBXFileReference; lastKnownFileType = folder.assetcatalog; path = Assets.xcassets; sourceTree = "<group>"; };
		C332699229704AB2009B1E1C /* Info.plist */ = {isa = PBXFileReference; lastKnownFileType = text.plist.xml; path = Info.plist; sourceTree = "<group>"; };
		C34644BC28DF19810071EF13 /* File+Extension.swift */ = {isa = PBXFileReference; lastKnownFileType = sourcecode.swift; path = "File+Extension.swift"; sourceTree = "<group>"; };
		C34644E328E2F0EA0071EF13 /* CustomNotePopupViewController.swift */ = {isa = PBXFileReference; lastKnownFileType = sourcecode.swift; path = CustomNotePopupViewController.swift; sourceTree = "<group>"; };
		C34644E528E2F1200071EF13 /* CustomNotePopupView.swift */ = {isa = PBXFileReference; lastKnownFileType = sourcecode.swift; path = CustomNotePopupView.swift; sourceTree = "<group>"; };
		C34644F028E493980071EF13 /* Package.resolved */ = {isa = PBXFileReference; fileEncoding = 4; lastKnownFileType = text; name = Package.resolved; path = NewTro_Todo.xcodeproj/project.xcworkspace/xcshareddata/swiftpm/Package.resolved; sourceTree = "<group>"; };
		C34970252A18FDFE00112A7F /* OnboardingView.swift */ = {isa = PBXFileReference; lastKnownFileType = sourcecode.swift; path = OnboardingView.swift; sourceTree = "<group>"; };
		C34970292A18FF1D00112A7F /* MainViewSU.swift */ = {isa = PBXFileReference; lastKnownFileType = sourcecode.swift; path = MainViewSU.swift; sourceTree = "<group>"; };
		C34970462A1906B400112A7F /* WidgetImagePreviewView.swift */ = {isa = PBXFileReference; lastKnownFileType = sourcecode.swift; path = WidgetImagePreviewView.swift; sourceTree = "<group>"; };
		C349704A2A1908CC00112A7F /* WidgetImagePreviewViewModel.swift */ = {isa = PBXFileReference; lastKnownFileType = sourcecode.swift; path = WidgetImagePreviewViewModel.swift; sourceTree = "<group>"; };
		C349704D2A190B3400112A7F /* CustomImagePicker.swift */ = {isa = PBXFileReference; lastKnownFileType = sourcecode.swift; path = CustomImagePicker.swift; sourceTree = "<group>"; };
		C349704F2A190B9F00112A7F /* CustomButton.swift */ = {isa = PBXFileReference; lastKnownFileType = sourcecode.swift; path = CustomButton.swift; sourceTree = "<group>"; };
		C34970522A190BE200112A7F /* Constant.swift */ = {isa = PBXFileReference; lastKnownFileType = sourcecode.swift; path = Constant.swift; sourceTree = "<group>"; };
		C34970552A22464900112A7F /* TodoCellView.swift */ = {isa = PBXFileReference; lastKnownFileType = sourcecode.swift; path = TodoCellView.swift; sourceTree = "<group>"; };
		C34A89CF28EC632E00F8BA4B /* ImportanceView.swift */ = {isa = PBXFileReference; lastKnownFileType = sourcecode.swift; path = ImportanceView.swift; sourceTree = "<group>"; };
		C34A89D128EC633A00F8BA4B /* ImportanceViewController.swift */ = {isa = PBXFileReference; lastKnownFileType = sourcecode.swift; path = ImportanceViewController.swift; sourceTree = "<group>"; };
		C34A89D328EC6B4600F8BA4B /* ImportanceViewCell.swift */ = {isa = PBXFileReference; lastKnownFileType = sourcecode.swift; path = ImportanceViewCell.swift; sourceTree = "<group>"; };
		C36567CC2AF7726100DD56F3 /* NewSplashView.swift */ = {isa = PBXFileReference; lastKnownFileType = sourcecode.swift; path = NewSplashView.swift; sourceTree = "<group>"; };
		C37AADAC294C86AB0051E68E /* .gitignore */ = {isa = PBXFileReference; lastKnownFileType = text; path = .gitignore; sourceTree = "<group>"; };
		C383DF1D29713535000C62CD /* NewtroWidgetExtension.entitlements */ = {isa = PBXFileReference; lastKnownFileType = text.plist.entitlements; path = NewtroWidgetExtension.entitlements; sourceTree = "<group>"; };
		C38EC07428F597E40027B0B0 /* GoogleService-Info.plist */ = {isa = PBXFileReference; fileEncoding = 4; lastKnownFileType = text.plist.xml; path = "GoogleService-Info.plist"; sourceTree = "<group>"; };
		C38EC07D28F59D610027B0B0 /* NewTro_Todo.entitlements */ = {isa = PBXFileReference; lastKnownFileType = text.plist.entitlements; path = NewTro_Todo.entitlements; sourceTree = "<group>"; };
		C398967628E8A12C0026B1AA /* en */ = {isa = PBXFileReference; lastKnownFileType = text.plist.strings; name = en; path = en.lproj/Localizable.strings; sourceTree = "<group>"; };
		C398967828E8A15F0026B1AA /* ko */ = {isa = PBXFileReference; lastKnownFileType = text.plist.strings; name = ko; path = ko.lproj/Localizable.strings; sourceTree = "<group>"; };
		C3AF2FF828D9D25400AF1A60 /* CustomMenuPopupView.swift */ = {isa = PBXFileReference; lastKnownFileType = sourcecode.swift; path = CustomMenuPopupView.swift; sourceTree = "<group>"; };
		C3AF2FFB28D9D5F800AF1A60 /* CustomMenuPopupViewController.swift */ = {isa = PBXFileReference; lastKnownFileType = sourcecode.swift; path = CustomMenuPopupViewController.swift; sourceTree = "<group>"; };
		C3D6454328D0ADEB00850505 /* Alert+Extension.swift */ = {isa = PBXFileReference; lastKnownFileType = sourcecode.swift; path = "Alert+Extension.swift"; sourceTree = "<group>"; };
		C3D6454C28D1D59200850505 /* UIView+Extension.swift */ = {isa = PBXFileReference; lastKnownFileType = sourcecode.swift; path = "UIView+Extension.swift"; sourceTree = "<group>"; };
		C3D6455128D2346400850505 /* MainTableViewCell.swift */ = {isa = PBXFileReference; lastKnownFileType = sourcecode.swift; path = MainTableViewCell.swift; sourceTree = "<group>"; };
		C3D6455428D3503600850505 /* TodoScheme.swift */ = {isa = PBXFileReference; lastKnownFileType = sourcecode.swift; path = TodoScheme.swift; sourceTree = "<group>"; };
		C3D6455B28D353B700850505 /* DateFormat+Extension.swift */ = {isa = PBXFileReference; lastKnownFileType = sourcecode.swift; path = "DateFormat+Extension.swift"; sourceTree = "<group>"; };
		C3D6455D28D354F900850505 /* TablePlusCell.swift */ = {isa = PBXFileReference; lastKnownFileType = sourcecode.swift; path = TablePlusCell.swift; sourceTree = "<group>"; };
/* End PBXFileReference section */

/* Begin PBXFrameworksBuildPhase section */
		C32FF05128C70C8700949E05 /* Frameworks */ = {
			isa = PBXFrameworksBuildPhase;
			buildActionMask = 2147483647;
			files = (
				C34644EF28E492670071EF13 /* AcknowList in Frameworks */,
				C34644BB28DEDC840071EF13 /* Zip in Frameworks */,
				C37B16BE28CF7DAD0086E3C6 /* Toast in Frameworks */,
				5AF195AA2CBF4060006D29CE /* RealmSwift in Frameworks */,
				C3D6454228D05E4700850505 /* FSCalendar in Frameworks */,
				C32FF07828C7129C00949E05 /* SnapKit in Frameworks */,
				C34970592A22471800112A7F /* CustomTextField in Frameworks */,
				5AF195A82CBF4060006D29CE /* Realm in Frameworks */,
				C38EC07A28F599B70027B0B0 /* FirebaseCrashlytics in Frameworks */,
				C38EC07828F599B70027B0B0 /* FirebaseAnalyticsWithoutAdIdSupport in Frameworks */,
				5A46EE0F2CBE29CC00F59624 /* Factory in Frameworks */,
				C38EC07C28F599B70027B0B0 /* FirebaseMessaging in Frameworks */,
				C3EF20B928DBFB1400141757 /* IQKeyboardManagerSwift in Frameworks */,
			);
			runOnlyForDeploymentPostprocessing = 0;
		};
		C332698329704AB1009B1E1C /* Frameworks */ = {
			isa = PBXFrameworksBuildPhase;
			buildActionMask = 2147483647;
			files = (
				5AF195AE2CBF40EA006D29CE /* RealmSwift in Frameworks */,
				5AF195AC2CBF40EA006D29CE /* Realm in Frameworks */,
				C332698B29704AB1009B1E1C /* SwiftUI.framework in Frameworks */,
				C332698929704AB1009B1E1C /* WidgetKit.framework in Frameworks */,
			);
			runOnlyForDeploymentPostprocessing = 0;
		};
/* End PBXFrameworksBuildPhase section */

/* Begin PBXGroup section */
		5A2254152CBE1E2000E515D0 /* V2 */ = {
			isa = PBXGroup;
			children = (
				5A46EE282CBE2E4900F59624 /* Application */,
				5A2254182CBE1E2C00E515D0 /* Presentation */,
				5A2254172CBE1E2800E515D0 /* Domain */,
				5A2254162CBE1E2500E515D0 /* Data */,
			);
			path = V2;
			sourceTree = "<group>";
		};
		5A2254162CBE1E2500E515D0 /* Data */ = {
			isa = PBXGroup;
			children = (
				5A46EE252CBE2D2400F59624 /* DataSourceIMPL */,
				5A46EE1F2CBE2C9A00F59624 /* RepositoriesIMPL */,
				5A46EE162CBE2ACD00F59624 /* DTO */,
			);
			path = Data;
			sourceTree = "<group>";
		};
		5A2254172CBE1E2800E515D0 /* Domain */ = {
			isa = PBXGroup;
			children = (
				5A46EE222CBE2CCE00F59624 /* DataSourceProtocols */,
				5A46EE102CBE29EF00F59624 /* RepositoryProtocols */,
				5A46EE132CBE2A1900F59624 /* Entities */,
				5A46EE092CBE297200F59624 /* UseCase */,
			);
			path = Domain;
			sourceTree = "<group>";
		};
		5A2254182CBE1E2C00E515D0 /* Presentation */ = {
			isa = PBXGroup;
			children = (
				5AA26DDD2CC5E8600000D909 /* Component */,
				5A46EE332CBE422E00F59624 /* Color */,
				5A46EE2E2CBE31BB00F59624 /* Extensions */,
				5A46EE042CBE28FB00F59624 /* TodoList */,
			);
			path = Presentation;
			sourceTree = "<group>";
		};
		5A46EE042CBE28FB00F59624 /* TodoList */ = {
			isa = PBXGroup;
			children = (
				5A46EE052CBE290500F59624 /* TodoListView.swift */,
				5A46EE072CBE296C00F59624 /* TodoListViewModel.swift */,
				5A46EE2C2CBE2FBE00F59624 /* TodoListCell.swift */,
				5A37E26F2CBE50B30046FFBD /* CustomCalendarView.swift */,
				5A37E2712CBE51740046FFBD /* CalendarCell.swift */,
			);
			path = TodoList;
			sourceTree = "<group>";
		};
		5A46EE092CBE297200F59624 /* UseCase */ = {
			isa = PBXGroup;
			children = (
				5A46EE0A2CBE297E00F59624 /* GetPickedDateTodoUseCase.swift */,
				5AA26DD32CBF87250000D909 /* GetAllTodoDateUseCase.swift */,
			);
			path = UseCase;
			sourceTree = "<group>";
		};
		5A46EE102CBE29EF00F59624 /* RepositoryProtocols */ = {
			isa = PBXGroup;
			children = (
				5A46EE112CBE29FF00F59624 /* TodoRepository.swift */,
			);
			path = RepositoryProtocols;
			sourceTree = "<group>";
		};
		5A46EE132CBE2A1900F59624 /* Entities */ = {
			isa = PBXGroup;
			children = (
				5A46EE1E2CBE2B2100F59624 /* Memo */,
				5A46EE1D2CBE2B1D00F59624 /* Todo */,
			);
			path = Entities;
			sourceTree = "<group>";
		};
		5A46EE162CBE2ACD00F59624 /* DTO */ = {
			isa = PBXGroup;
			children = (
				5A46EE1A2CBE2AED00F59624 /* Memo */,
				5A46EE192CBE2AE800F59624 /* Todo */,
			);
			path = DTO;
			sourceTree = "<group>";
		};
		5A46EE192CBE2AE800F59624 /* Todo */ = {
			isa = PBXGroup;
			children = (
				C3D6455428D3503600850505 /* TodoScheme.swift */,
			);
			path = Todo;
			sourceTree = "<group>";
		};
		5A46EE1A2CBE2AED00F59624 /* Memo */ = {
			isa = PBXGroup;
			children = (
				5A46EE1B2CBE2AF900F59624 /* MemoTable.swift */,
			);
			path = Memo;
			sourceTree = "<group>";
		};
		5A46EE1D2CBE2B1D00F59624 /* Todo */ = {
			isa = PBXGroup;
			children = (
				5A46EE142CBE2A2500F59624 /* Todo.swift */,
			);
			path = Todo;
			sourceTree = "<group>";
		};
		5A46EE1E2CBE2B2100F59624 /* Memo */ = {
			isa = PBXGroup;
			children = (
			);
			path = Memo;
			sourceTree = "<group>";
		};
		5A46EE1F2CBE2C9A00F59624 /* RepositoriesIMPL */ = {
			isa = PBXGroup;
			children = (
				5A46EE202CBE2CAD00F59624 /* TodoRepositoryImpl.swift */,
			);
			path = RepositoriesIMPL;
			sourceTree = "<group>";
		};
		5A46EE222CBE2CCE00F59624 /* DataSourceProtocols */ = {
			isa = PBXGroup;
			children = (
				5A46EE232CBE2CEB00F59624 /* LocalTodoDataSource.swift */,
			);
			path = DataSourceProtocols;
			sourceTree = "<group>";
		};
		5A46EE252CBE2D2400F59624 /* DataSourceIMPL */ = {
			isa = PBXGroup;
			children = (
				5A46EE262CBE2D3A00F59624 /* LocalTodoDataSourceImpl.swift */,
			);
			path = DataSourceIMPL;
			sourceTree = "<group>";
		};
		5A46EE282CBE2E4900F59624 /* Application */ = {
			isa = PBXGroup;
			children = (
				5A46EE292CBE2E4E00F59624 /* Injected */,
			);
			path = Application;
			sourceTree = "<group>";
		};
		5A46EE292CBE2E4E00F59624 /* Injected */ = {
			isa = PBXGroup;
			children = (
				5A46EE2A2CBE2E6000F59624 /* DIContainer.swift */,
			);
			path = Injected;
			sourceTree = "<group>";
		};
		5A46EE2E2CBE31BB00F59624 /* Extensions */ = {
			isa = PBXGroup;
			children = (
				5A46EE302CBE41D000F59624 /* Color+Extension.swift */,
			);
			path = Extensions;
			sourceTree = "<group>";
		};
		5A46EE332CBE422E00F59624 /* Color */ = {
			isa = PBXGroup;
			children = (
				5A46EE342CBE424700F59624 /* NewtroColor.swift */,
			);
			path = Color;
			sourceTree = "<group>";
		};
		5AA26DDD2CC5E8600000D909 /* Component */ = {
			isa = PBXGroup;
			children = (
				5AA26DDE2CC5E8670000D909 /* Button */,
			);
			path = Component;
			sourceTree = "<group>";
		};
		5AA26DDE2CC5E8670000D909 /* Button */ = {
			isa = PBXGroup;
			children = (
				5AA26DDF2CC5E86D0000D909 /* BounceButton.swift */,
			);
			path = Button;
			sourceTree = "<group>";
		};
		C32FF04B28C70C8700949E05 = {
			isa = PBXGroup;
			children = (
				C383DF1D29713535000C62CD /* NewtroWidgetExtension.entitlements */,
				C37AADAC294C86AB0051E68E /* .gitignore */,
				C34644F028E493980071EF13 /* Package.resolved */,
				C32FF05628C70C8800949E05 /* NewTro_Todo */,
				C332698C29704AB1009B1E1C /* NewtroWidget */,
				C332698729704AB1009B1E1C /* Frameworks */,
				C32FF05528C70C8800949E05 /* Products */,
			);
			sourceTree = "<group>";
		};
		C32FF05528C70C8800949E05 /* Products */ = {
			isa = PBXGroup;
			children = (
				C32FF05428C70C8800949E05 /* NewTro_Todo.app */,
				C332698629704AB1009B1E1C /* NewtroWidgetExtension.appex */,
			);
			name = Products;
			sourceTree = "<group>";
		};
		C32FF05628C70C8800949E05 /* NewTro_Todo */ = {
			isa = PBXGroup;
			children = (
				5A2254152CBE1E2000E515D0 /* V2 */,
				C36567C62AF7720A00DD56F3 /* Refactor */,
				C34970242A18FD4500112A7F /* Presentation */,
				C37AADAB294C84AA0051E68E /* Source */,
				C37AADAA294C84890051E68E /* Utility */,
				C37AADA3294C830B0051E68E /* Scene */,
				C398967228E8A0FE0026B1AA /* Localizing */,
				C32FF05728C70C8800949E05 /* AppDelegate.swift */,
				C32FF05928C70C8800949E05 /* SceneDelegate.swift */,
				C32FF06028C70C8800949E05 /* Assets.xcassets */,
				C32FF06228C70C8800949E05 /* LaunchScreen.storyboard */,
				C32FF06528C70C8800949E05 /* Info.plist */,
				C38EC07428F597E40027B0B0 /* GoogleService-Info.plist */,
				C38EC07D28F59D610027B0B0 /* NewTro_Todo.entitlements */,
			);
			path = NewTro_Todo;
			sourceTree = "<group>";
		};
		C32FF08728C72EC500949E05 /* Extension */ = {
			isa = PBXGroup;
			children = (
				C32FF09328C9AEC100949E05 /* Font */,
				C32521ED2A23703B005EA5C2 /* Date+Extension.swift */,
				C32FF08828C72EE300949E05 /* UIColor+Extension.swift */,
				C32FF09028C9AE9900949E05 /* Font+Extension.swift */,
				C3D6454328D0ADEB00850505 /* Alert+Extension.swift */,
				C3D6454C28D1D59200850505 /* UIView+Extension.swift */,
				C3D6455B28D353B700850505 /* DateFormat+Extension.swift */,
				C34644BC28DF19810071EF13 /* File+Extension.swift */,
				C306AFA528E9934300D4BB6B /* String+Extension.swift */,
			);
			path = Extension;
			sourceTree = "<group>";
		};
		C32FF09328C9AEC100949E05 /* Font */ = {
			isa = PBXGroup;
			children = (
				C32FF09628CAAB6F00949E05 /* Galmuri11-Bold.ttf */,
				C32FF09428C9AECF00949E05 /* Galmuri11-Condensed.ttf */,
			);
			path = Font;
			sourceTree = "<group>";
		};
		C332698729704AB1009B1E1C /* Frameworks */ = {
			isa = PBXGroup;
			children = (
				C332698829704AB1009B1E1C /* WidgetKit.framework */,
				C332698A29704AB1009B1E1C /* SwiftUI.framework */,
			);
			name = Frameworks;
			sourceTree = "<group>";
		};
		C332698C29704AB1009B1E1C /* NewtroWidget */ = {
			isa = PBXGroup;
			children = (
				C332698D29704AB1009B1E1C /* NewtroWidget.swift */,
				C332698F29704AB1009B1E1C /* NewtroWidget.intentdefinition */,
				C332699029704AB2009B1E1C /* Assets.xcassets */,
				C332699229704AB2009B1E1C /* Info.plist */,
				C319235829715BE200DB669D /* RealmManager.swift */,
			);
			path = NewtroWidget;
			sourceTree = "<group>";
		};
		C34970242A18FD4500112A7F /* Presentation */ = {
			isa = PBXGroup;
			children = (
				C349704C2A190B1800112A7F /* CustomView */,
				C34970452A1906A000112A7F /* Setting */,
				C34970282A18FEE500112A7F /* Main */,
				C34970272A18FE4600112A7F /* Onboarding */,
				C34970252A18FDFE00112A7F /* OnboardingView.swift */,
			);
			path = Presentation;
			sourceTree = "<group>";
		};
		C34970272A18FE4600112A7F /* Onboarding */ = {
			isa = PBXGroup;
			children = (
			);
			path = Onboarding;
			sourceTree = "<group>";
		};
		C34970282A18FEE500112A7F /* Main */ = {
			isa = PBXGroup;
			children = (
				C34970292A18FF1D00112A7F /* MainViewSU.swift */,
			);
			path = Main;
			sourceTree = "<group>";
		};
		C34970452A1906A000112A7F /* Setting */ = {
			isa = PBXGroup;
			children = (
				C34970492A1908C200112A7F /* View */,
				C34970482A1908BC00112A7F /* ViewModel */,
			);
			path = Setting;
			sourceTree = "<group>";
		};
		C34970482A1908BC00112A7F /* ViewModel */ = {
			isa = PBXGroup;
			children = (
				C349704A2A1908CC00112A7F /* WidgetImagePreviewViewModel.swift */,
			);
			path = ViewModel;
			sourceTree = "<group>";
		};
		C34970492A1908C200112A7F /* View */ = {
			isa = PBXGroup;
			children = (
				C34970462A1906B400112A7F /* WidgetImagePreviewView.swift */,
			);
			path = View;
			sourceTree = "<group>";
		};
		C349704C2A190B1800112A7F /* CustomView */ = {
			isa = PBXGroup;
			children = (
				C3539B102ADC0F88003D2710 /* New Group */,
				C34970542A22463F00112A7F /* ReuseableView */,
				C349704D2A190B3400112A7F /* CustomImagePicker.swift */,
				C349704F2A190B9F00112A7F /* CustomButton.swift */,
			);
			path = CustomView;
			sourceTree = "<group>";
		};
		C34970512A190BC900112A7F /* Helper */ = {
			isa = PBXGroup;
			children = (
				C34970522A190BE200112A7F /* Constant.swift */,
			);
			path = Helper;
			sourceTree = "<group>";
		};
		C34970542A22463F00112A7F /* ReuseableView */ = {
			isa = PBXGroup;
			children = (
				C34970552A22464900112A7F /* TodoCellView.swift */,
			);
			path = ReuseableView;
			sourceTree = "<group>";
		};
		C3539B102ADC0F88003D2710 /* New Group */ = {
			isa = PBXGroup;
			children = (
			);
			path = "New Group";
			sourceTree = "<group>";
		};
		C36567C62AF7720A00DD56F3 /* Refactor */ = {
			isa = PBXGroup;
			children = (
				C36567C92AF7722700DD56F3 /* Main */,
				C36567C82AF7722000DD56F3 /* Splash */,
				C36567C72AF7721400DD56F3 /* Onboarding */,
			);
			path = Refactor;
			sourceTree = "<group>";
		};
		C36567C72AF7721400DD56F3 /* Onboarding */ = {
			isa = PBXGroup;
			children = (
			);
			path = Onboarding;
			sourceTree = "<group>";
		};
		C36567C82AF7722000DD56F3 /* Splash */ = {
			isa = PBXGroup;
			children = (
				C36567CC2AF7726100DD56F3 /* NewSplashView.swift */,
			);
			path = Splash;
			sourceTree = "<group>";
		};
		C36567C92AF7722700DD56F3 /* Main */ = {
			isa = PBXGroup;
			children = (
			);
			path = Main;
			sourceTree = "<group>";
		};
		C37AADA3294C830B0051E68E /* Scene */ = {
			isa = PBXGroup;
			children = (
				C37AADA9294C83E00051E68E /* Splash */,
				C37AADA8294C83A80051E68E /* Onboarding */,
				C37AADA7294C83940051E68E /* Setting */,
				C37AADA6294C83740051E68E /* Calendar */,
				C37AADA5294C831E0051E68E /* Base */,
				C37AADA4294C83160051E68E /* Main */,
			);
			path = Scene;
			sourceTree = "<group>";
		};
		C37AADA4294C83160051E68E /* Main */ = {
			isa = PBXGroup;
			children = (
				C34A89D128EC633A00F8BA4B /* ImportanceViewController.swift */,
				C34A89D328EC6B4600F8BA4B /* ImportanceViewCell.swift */,
				C34A89CF28EC632E00F8BA4B /* ImportanceView.swift */,
				C3AF2FFB28D9D5F800AF1A60 /* CustomMenuPopupViewController.swift */,
				C34644E328E2F0EA0071EF13 /* CustomNotePopupViewController.swift */,
				C3AF2FF828D9D25400AF1A60 /* CustomMenuPopupView.swift */,
				C34644E528E2F1200071EF13 /* CustomNotePopupView.swift */,
				C3D6455D28D354F900850505 /* TablePlusCell.swift */,
				C3D6455128D2346400850505 /* MainTableViewCell.swift */,
				C32FF09A28CAB71D00949E05 /* MainViewController.swift */,
				C32FF09828CAB71300949E05 /* MainView.swift */,
			);
			path = Main;
			sourceTree = "<group>";
		};
		C37AADA5294C831E0051E68E /* Base */ = {
			isa = PBXGroup;
			children = (
				C32FF06F28C70D0A00949E05 /* BaseViewController.swift */,
				C32FF06D28C70D0300949E05 /* BaseView.swift */,
			);
			path = Base;
			sourceTree = "<group>";
		};
		C37AADA6294C83740051E68E /* Calendar */ = {
			isa = PBXGroup;
			children = (
				C32FF0A228CF13BA00949E05 /* CalendarView.swift */,
				C32FF09F28CF13A600949E05 /* CalendarViewController.swift */,
			);
			path = Calendar;
			sourceTree = "<group>";
		};
		C37AADA7294C83940051E68E /* Setting */ = {
			isa = PBXGroup;
			children = (
				C32FF0A428CF149600949E05 /* SettingView.swift */,
				C32FF0A628CF149F00949E05 /* SettingViewController.swift */,
			);
			path = Setting;
			sourceTree = "<group>";
		};
		C37AADA8294C83A80051E68E /* Onboarding */ = {
			isa = PBXGroup;
			children = (
				C32FF07428C70F1800949E05 /* PageViewController.swift */,
				C32FF07928C719E900949E05 /* FirstViewController.swift */,
				C32FF07B28C719F100949E05 /* SecondViewController.swift */,
				C32FF07D28C719FA00949E05 /* ThirdViewController.swift */,
				C32FF07F28C7240300949E05 /* FirstView.swift */,
				C32FF08128C7240900949E05 /* SecondView.swift */,
				C32FF08328C7240F00949E05 /* ThirdView.swift */,
				C32FF08528C724CF00949E05 /* BasePageView.swift */,
			);
			path = Onboarding;
			sourceTree = "<group>";
		};
		C37AADA9294C83E00051E68E /* Splash */ = {
			isa = PBXGroup;
			children = (
				C30F7CAB2940C7380050C045 /* SplashViewController.swift */,
				C30F7CA82940C6190050C045 /* SplashView.swift */,
			);
			path = Splash;
			sourceTree = "<group>";
		};
		C37AADAA294C84890051E68E /* Utility */ = {
			isa = PBXGroup;
			children = (
			);
			path = Utility;
			sourceTree = "<group>";
		};
		C37AADAB294C84AA0051E68E /* Source */ = {
			isa = PBXGroup;
			children = (
				C34970512A190BC900112A7F /* Helper */,
				C32FF08728C72EC500949E05 /* Extension */,
			);
			path = Source;
			sourceTree = "<group>";
		};
		C398967228E8A0FE0026B1AA /* Localizing */ = {
			isa = PBXGroup;
			children = (
				C398967728E8A12C0026B1AA /* Localizable.strings */,
			);
			path = Localizing;
			sourceTree = "<group>";
		};
/* End PBXGroup section */

/* Begin PBXNativeTarget section */
		C32FF05328C70C8700949E05 /* NewTro_Todo */ = {
			isa = PBXNativeTarget;
			buildConfigurationList = C32FF06828C70C8800949E05 /* Build configuration list for PBXNativeTarget "NewTro_Todo" */;
			buildPhases = (
				C32FF05028C70C8700949E05 /* Sources */,
				C32FF05128C70C8700949E05 /* Frameworks */,
				C32FF05228C70C8700949E05 /* Resources */,
				C332699829704AB2009B1E1C /* Embed Foundation Extensions */,
			);
			buildRules = (
			);
			dependencies = (
				C332699629704AB2009B1E1C /* PBXTargetDependency */,
			);
			name = NewTro_Todo;
			packageProductDependencies = (
				C32FF07728C7129C00949E05 /* SnapKit */,
				C37B16BD28CF7DAD0086E3C6 /* Toast */,
				C3D6454128D05E4700850505 /* FSCalendar */,
				C3EF20B828DBFB1400141757 /* IQKeyboardManagerSwift */,
				C34644BA28DEDC840071EF13 /* Zip */,
				C34644EE28E492670071EF13 /* AcknowList */,
				C38EC07728F599B70027B0B0 /* FirebaseAnalyticsWithoutAdIdSupport */,
				C38EC07928F599B70027B0B0 /* FirebaseCrashlytics */,
				C38EC07B28F599B70027B0B0 /* FirebaseMessaging */,
				C34970582A22471800112A7F /* CustomTextField */,
				5A46EE0E2CBE29CC00F59624 /* Factory */,
				5AF195A72CBF4060006D29CE /* Realm */,
				5AF195A92CBF4060006D29CE /* RealmSwift */,
			);
			productName = NewTro_Todo;
			productReference = C32FF05428C70C8800949E05 /* NewTro_Todo.app */;
			productType = "com.apple.product-type.application";
		};
		C332698529704AB1009B1E1C /* NewtroWidgetExtension */ = {
			isa = PBXNativeTarget;
			buildConfigurationList = C332699B29704AB2009B1E1C /* Build configuration list for PBXNativeTarget "NewtroWidgetExtension" */;
			buildPhases = (
				C332698229704AB1009B1E1C /* Sources */,
				C332698329704AB1009B1E1C /* Frameworks */,
				C332698429704AB1009B1E1C /* Resources */,
			);
			buildRules = (
			);
			dependencies = (
			);
			name = NewtroWidgetExtension;
			packageProductDependencies = (
				5AF195AB2CBF40EA006D29CE /* Realm */,
				5AF195AD2CBF40EA006D29CE /* RealmSwift */,
			);
			productName = NewtroWidgetExtension;
			productReference = C332698629704AB1009B1E1C /* NewtroWidgetExtension.appex */;
			productType = "com.apple.product-type.app-extension";
		};
/* End PBXNativeTarget section */

/* Begin PBXProject section */
		C32FF04C28C70C8700949E05 /* Project object */ = {
			isa = PBXProject;
			attributes = {
				BuildIndependentTargetsInParallel = 1;
				LastSwiftUpdateCheck = 1400;
				LastUpgradeCheck = 1340;
				TargetAttributes = {
					C32FF05328C70C8700949E05 = {
						CreatedOnToolsVersion = 13.4.1;
					};
					C332698529704AB1009B1E1C = {
						CreatedOnToolsVersion = 14.0.1;
					};
				};
			};
			buildConfigurationList = C32FF04F28C70C8700949E05 /* Build configuration list for PBXProject "NewTro_Todo" */;
			compatibilityVersion = "Xcode 13.0";
			developmentRegion = en;
			hasScannedForEncodings = 0;
			knownRegions = (
				en,
				Base,
				ko,
				"zh-Hans",
			);
			mainGroup = C32FF04B28C70C8700949E05;
			packageReferences = (
				C32FF07628C7129C00949E05 /* XCRemoteSwiftPackageReference "SnapKit" */,
				C37B16BC28CF7DAD0086E3C6 /* XCRemoteSwiftPackageReference "Toast-Swift" */,
				C3D6454028D05E4700850505 /* XCRemoteSwiftPackageReference "FSCalendar" */,
				C3EF20B728DBFB1400141757 /* XCRemoteSwiftPackageReference "IQKeyboardManager" */,
				C34644B928DEDC840071EF13 /* XCRemoteSwiftPackageReference "Zip" */,
				C34644ED28E492670071EF13 /* XCRemoteSwiftPackageReference "AcknowList" */,
				C38EC07628F599B70027B0B0 /* XCRemoteSwiftPackageReference "firebase-ios-sdk" */,
				C34970572A22471800112A7F /* XCRemoteSwiftPackageReference "SwiftUI-Custom-TextField" */,
				5A46EE0D2CBE29CC00F59624 /* XCRemoteSwiftPackageReference "Factory" */,
				5AF195A62CBF405F006D29CE /* XCRemoteSwiftPackageReference "realm-swift" */,
			);
			productRefGroup = C32FF05528C70C8800949E05 /* Products */;
			projectDirPath = "";
			projectRoot = "";
			targets = (
				C32FF05328C70C8700949E05 /* NewTro_Todo */,
				C332698529704AB1009B1E1C /* NewtroWidgetExtension */,
			);
		};
/* End PBXProject section */

/* Begin PBXResourcesBuildPhase section */
		C32FF05228C70C8700949E05 /* Resources */ = {
			isa = PBXResourcesBuildPhase;
			buildActionMask = 2147483647;
			files = (
				C37AADAD294C86AB0051E68E /* .gitignore in Resources */,
				C32FF09728CAAB6F00949E05 /* Galmuri11-Bold.ttf in Resources */,
				C38EC07528F597E40027B0B0 /* GoogleService-Info.plist in Resources */,
				C32FF06428C70C8800949E05 /* LaunchScreen.storyboard in Resources */,
				C32FF06128C70C8800949E05 /* Assets.xcassets in Resources */,
				C398967528E8A12C0026B1AA /* Localizable.strings in Resources */,
				C32FF09528C9AECF00949E05 /* Galmuri11-Condensed.ttf in Resources */,
				C34644F128E493980071EF13 /* Package.resolved in Resources */,
			);
			runOnlyForDeploymentPostprocessing = 0;
		};
		C332698429704AB1009B1E1C /* Resources */ = {
			isa = PBXResourcesBuildPhase;
			buildActionMask = 2147483647;
			files = (
				C383DF1C29713222000C62CD /* Galmuri11-Condensed.ttf in Resources */,
				C319235B29715E0100DB669D /* Localizable.strings in Resources */,
				C332699129704AB2009B1E1C /* Assets.xcassets in Resources */,
			);
			runOnlyForDeploymentPostprocessing = 0;
		};
/* End PBXResourcesBuildPhase section */

/* Begin PBXSourcesBuildPhase section */
		C32FF05028C70C8700949E05 /* Sources */ = {
			isa = PBXSourcesBuildPhase;
			buildActionMask = 2147483647;
			files = (
				C3D6455228D2346400850505 /* MainTableViewCell.swift in Sources */,
				C32FF08628C724CF00949E05 /* BasePageView.swift in Sources */,
				C32FF06E28C70D0300949E05 /* BaseView.swift in Sources */,
				C34970472A1906B400112A7F /* WidgetImagePreviewView.swift in Sources */,
				C34A89D028EC632E00F8BA4B /* ImportanceView.swift in Sources */,
				C32521EE2A23703B005EA5C2 /* Date+Extension.swift in Sources */,
				C30F7CAC2940C7380050C045 /* SplashViewController.swift in Sources */,
				5A37E2722CBE51740046FFBD /* CalendarCell.swift in Sources */,
				5A46EE122CBE29FF00F59624 /* TodoRepository.swift in Sources */,
				5A46EE2D2CBE2FBE00F59624 /* TodoListCell.swift in Sources */,
				C3AF2FF928D9D25400AF1A60 /* CustomMenuPopupView.swift in Sources */,
				C3D6455C28D353B700850505 /* DateFormat+Extension.swift in Sources */,
				C34970562A22464900112A7F /* TodoCellView.swift in Sources */,
				C32FF0A028CF13A600949E05 /* CalendarViewController.swift in Sources */,
				5A46EE242CBE2CEB00F59624 /* LocalTodoDataSource.swift in Sources */,
				C32FF07528C70F1800949E05 /* PageViewController.swift in Sources */,
				C349704E2A190B3400112A7F /* CustomImagePicker.swift in Sources */,
				C3D6454428D0ADEB00850505 /* Alert+Extension.swift in Sources */,
				C32FF07028C70D0A00949E05 /* BaseViewController.swift in Sources */,
				C36567CD2AF7726100DD56F3 /* NewSplashView.swift in Sources */,
				C32FF07A28C719E900949E05 /* FirstViewController.swift in Sources */,
				C32FF07C28C719F100949E05 /* SecondViewController.swift in Sources */,
				C34970262A18FDFE00112A7F /* OnboardingView.swift in Sources */,
				C32FF05828C70C8800949E05 /* AppDelegate.swift in Sources */,
				5A46EE312CBE41D000F59624 /* Color+Extension.swift in Sources */,
				C32FF09B28CAB71D00949E05 /* MainViewController.swift in Sources */,
				5A46EE272CBE2D3A00F59624 /* LocalTodoDataSourceImpl.swift in Sources */,
				C34A89D228EC633A00F8BA4B /* ImportanceViewController.swift in Sources */,
				C32FF08228C7240900949E05 /* SecondView.swift in Sources */,
				5AA26DE02CC5E86D0000D909 /* BounceButton.swift in Sources */,
				5A46EE1C2CBE2AF900F59624 /* MemoTable.swift in Sources */,
				5A46EE0B2CBE297E00F59624 /* GetPickedDateTodoUseCase.swift in Sources */,
				C32FF0A528CF149600949E05 /* SettingView.swift in Sources */,
				C30F7CA92940C6190050C045 /* SplashView.swift in Sources */,
				C32FF07E28C719FA00949E05 /* ThirdViewController.swift in Sources */,
				C306AFA628E9934300D4BB6B /* String+Extension.swift in Sources */,
				C349702A2A18FF1D00112A7F /* MainViewSU.swift in Sources */,
				C32FF08428C7240F00949E05 /* ThirdView.swift in Sources */,
				C34A89D428EC6B4600F8BA4B /* ImportanceViewCell.swift in Sources */,
				C34644BD28DF19810071EF13 /* File+Extension.swift in Sources */,
				C3D6455528D3503600850505 /* TodoScheme.swift in Sources */,
				C34970502A190B9F00112A7F /* CustomButton.swift in Sources */,
				5A46EE212CBE2CAD00F59624 /* TodoRepositoryImpl.swift in Sources */,
				C34644E628E2F1200071EF13 /* CustomNotePopupView.swift in Sources */,
				C319235929715BE200DB669D /* RealmManager.swift in Sources */,
				C32FF08028C7240300949E05 /* FirstView.swift in Sources */,
				C34970532A190BE200112A7F /* Constant.swift in Sources */,
				5A46EE082CBE296C00F59624 /* TodoListViewModel.swift in Sources */,
				5AA26DD42CBF87250000D909 /* GetAllTodoDateUseCase.swift in Sources */,
				C32FF05A28C70C8800949E05 /* SceneDelegate.swift in Sources */,
				C3D6454D28D1D59200850505 /* UIView+Extension.swift in Sources */,
				C34644E428E2F0EA0071EF13 /* CustomNotePopupViewController.swift in Sources */,
				5A46EE062CBE290500F59624 /* TodoListView.swift in Sources */,
				5A37E2702CBE50B30046FFBD /* CustomCalendarView.swift in Sources */,
				C349704B2A1908CC00112A7F /* WidgetImagePreviewViewModel.swift in Sources */,
				C3AF2FFC28D9D5F800AF1A60 /* CustomMenuPopupViewController.swift in Sources */,
				C332699429704AB2009B1E1C /* NewtroWidget.intentdefinition in Sources */,
				5A46EE2B2CBE2E6000F59624 /* DIContainer.swift in Sources */,
				C32FF0A728CF149F00949E05 /* SettingViewController.swift in Sources */,
				5A46EE352CBE424700F59624 /* NewtroColor.swift in Sources */,
				C32FF0A328CF13BA00949E05 /* CalendarView.swift in Sources */,
				5A46EE152CBE2A2500F59624 /* Todo.swift in Sources */,
				C3D6455E28D354F900850505 /* TablePlusCell.swift in Sources */,
				C32FF09128C9AE9900949E05 /* Font+Extension.swift in Sources */,
				C32FF09928CAB71300949E05 /* MainView.swift in Sources */,
				C32FF08928C72EE300949E05 /* UIColor+Extension.swift in Sources */,
			);
			runOnlyForDeploymentPostprocessing = 0;
		};
		C332698229704AB1009B1E1C /* Sources */ = {
			isa = PBXSourcesBuildPhase;
			buildActionMask = 2147483647;
			files = (
				5A46EE362CBE499800F59624 /* Todo.swift in Sources */,
				C332698E29704AB1009B1E1C /* NewtroWidget.swift in Sources */,
				C383DF1E2971358E000C62CD /* UIColor+Extension.swift in Sources */,
				C319235A29715D7900DB669D /* DateFormat+Extension.swift in Sources */,
				C319235329713C5D00DB669D /* TodoScheme.swift in Sources */,
				C332699329704AB2009B1E1C /* NewtroWidget.intentdefinition in Sources */,
				C319235C2971624C00DB669D /* RealmManager.swift in Sources */,
			);
			runOnlyForDeploymentPostprocessing = 0;
		};
/* End PBXSourcesBuildPhase section */

/* Begin PBXTargetDependency section */
		C332699629704AB2009B1E1C /* PBXTargetDependency */ = {
			isa = PBXTargetDependency;
			target = C332698529704AB1009B1E1C /* NewtroWidgetExtension */;
			targetProxy = C332699529704AB2009B1E1C /* PBXContainerItemProxy */;
		};
/* End PBXTargetDependency section */

/* Begin PBXVariantGroup section */
		C32FF06228C70C8800949E05 /* LaunchScreen.storyboard */ = {
			isa = PBXVariantGroup;
			children = (
				C32FF06328C70C8800949E05 /* Base */,
			);
			name = LaunchScreen.storyboard;
			sourceTree = "<group>";
		};
		C398967728E8A12C0026B1AA /* Localizable.strings */ = {
			isa = PBXVariantGroup;
			children = (
				C398967628E8A12C0026B1AA /* en */,
				C398967828E8A15F0026B1AA /* ko */,
			);
			name = Localizable.strings;
			sourceTree = "<group>";
		};
/* End PBXVariantGroup section */

/* Begin XCBuildConfiguration section */
		C32FF06628C70C8800949E05 /* Debug */ = {
			isa = XCBuildConfiguration;
			buildSettings = {
				ALWAYS_SEARCH_USER_PATHS = NO;
				CLANG_ANALYZER_LOCALIZABILITY_NONLOCALIZED = YES;
				CLANG_ANALYZER_NONNULL = YES;
				CLANG_ANALYZER_NUMBER_OBJECT_CONVERSION = YES_AGGRESSIVE;
				CLANG_CXX_LANGUAGE_STANDARD = "gnu++17";
				CLANG_ENABLE_MODULES = YES;
				CLANG_ENABLE_OBJC_ARC = YES;
				CLANG_ENABLE_OBJC_WEAK = YES;
				CLANG_WARN_BLOCK_CAPTURE_AUTORELEASING = YES;
				CLANG_WARN_BOOL_CONVERSION = YES;
				CLANG_WARN_COMMA = YES;
				CLANG_WARN_CONSTANT_CONVERSION = YES;
				CLANG_WARN_DEPRECATED_OBJC_IMPLEMENTATIONS = YES;
				CLANG_WARN_DIRECT_OBJC_ISA_USAGE = YES_ERROR;
				CLANG_WARN_DOCUMENTATION_COMMENTS = YES;
				CLANG_WARN_EMPTY_BODY = YES;
				CLANG_WARN_ENUM_CONVERSION = YES;
				CLANG_WARN_INFINITE_RECURSION = YES;
				CLANG_WARN_INT_CONVERSION = YES;
				CLANG_WARN_NON_LITERAL_NULL_CONVERSION = YES;
				CLANG_WARN_OBJC_IMPLICIT_RETAIN_SELF = YES;
				CLANG_WARN_OBJC_LITERAL_CONVERSION = YES;
				CLANG_WARN_OBJC_ROOT_CLASS = YES_ERROR;
				CLANG_WARN_QUOTED_INCLUDE_IN_FRAMEWORK_HEADER = YES;
				CLANG_WARN_RANGE_LOOP_ANALYSIS = YES;
				CLANG_WARN_STRICT_PROTOTYPES = YES;
				CLANG_WARN_SUSPICIOUS_MOVE = YES;
				CLANG_WARN_UNGUARDED_AVAILABILITY = YES_AGGRESSIVE;
				CLANG_WARN_UNREACHABLE_CODE = YES;
				CLANG_WARN__DUPLICATE_METHOD_MATCH = YES;
				COPY_PHASE_STRIP = NO;
				DEBUG_INFORMATION_FORMAT = dwarf;
				ENABLE_STRICT_OBJC_MSGSEND = YES;
				ENABLE_TESTABILITY = YES;
				GCC_C_LANGUAGE_STANDARD = gnu11;
				GCC_DYNAMIC_NO_PIC = NO;
				GCC_NO_COMMON_BLOCKS = YES;
				GCC_OPTIMIZATION_LEVEL = 0;
				GCC_PREPROCESSOR_DEFINITIONS = (
					"DEBUG=1",
					"$(inherited)",
				);
				GCC_WARN_64_TO_32_BIT_CONVERSION = YES;
				GCC_WARN_ABOUT_RETURN_TYPE = YES_ERROR;
				GCC_WARN_UNDECLARED_SELECTOR = YES;
				GCC_WARN_UNINITIALIZED_AUTOS = YES_AGGRESSIVE;
				GCC_WARN_UNUSED_FUNCTION = YES;
				GCC_WARN_UNUSED_VARIABLE = YES;
				IPHONEOS_DEPLOYMENT_TARGET = 15.5;
				MTL_ENABLE_DEBUG_INFO = INCLUDE_SOURCE;
				MTL_FAST_MATH = YES;
				ONLY_ACTIVE_ARCH = YES;
				SDKROOT = iphoneos;
				SWIFT_ACTIVE_COMPILATION_CONDITIONS = DEBUG;
				SWIFT_OPTIMIZATION_LEVEL = "-Onone";
			};
			name = Debug;
		};
		C32FF06728C70C8800949E05 /* Release */ = {
			isa = XCBuildConfiguration;
			buildSettings = {
				ALWAYS_SEARCH_USER_PATHS = NO;
				CLANG_ANALYZER_LOCALIZABILITY_NONLOCALIZED = YES;
				CLANG_ANALYZER_NONNULL = YES;
				CLANG_ANALYZER_NUMBER_OBJECT_CONVERSION = YES_AGGRESSIVE;
				CLANG_CXX_LANGUAGE_STANDARD = "gnu++17";
				CLANG_ENABLE_MODULES = YES;
				CLANG_ENABLE_OBJC_ARC = YES;
				CLANG_ENABLE_OBJC_WEAK = YES;
				CLANG_WARN_BLOCK_CAPTURE_AUTORELEASING = YES;
				CLANG_WARN_BOOL_CONVERSION = YES;
				CLANG_WARN_COMMA = YES;
				CLANG_WARN_CONSTANT_CONVERSION = YES;
				CLANG_WARN_DEPRECATED_OBJC_IMPLEMENTATIONS = YES;
				CLANG_WARN_DIRECT_OBJC_ISA_USAGE = YES_ERROR;
				CLANG_WARN_DOCUMENTATION_COMMENTS = YES;
				CLANG_WARN_EMPTY_BODY = YES;
				CLANG_WARN_ENUM_CONVERSION = YES;
				CLANG_WARN_INFINITE_RECURSION = YES;
				CLANG_WARN_INT_CONVERSION = YES;
				CLANG_WARN_NON_LITERAL_NULL_CONVERSION = YES;
				CLANG_WARN_OBJC_IMPLICIT_RETAIN_SELF = YES;
				CLANG_WARN_OBJC_LITERAL_CONVERSION = YES;
				CLANG_WARN_OBJC_ROOT_CLASS = YES_ERROR;
				CLANG_WARN_QUOTED_INCLUDE_IN_FRAMEWORK_HEADER = YES;
				CLANG_WARN_RANGE_LOOP_ANALYSIS = YES;
				CLANG_WARN_STRICT_PROTOTYPES = YES;
				CLANG_WARN_SUSPICIOUS_MOVE = YES;
				CLANG_WARN_UNGUARDED_AVAILABILITY = YES_AGGRESSIVE;
				CLANG_WARN_UNREACHABLE_CODE = YES;
				CLANG_WARN__DUPLICATE_METHOD_MATCH = YES;
				COPY_PHASE_STRIP = NO;
				DEBUG_INFORMATION_FORMAT = "dwarf-with-dsym";
				ENABLE_NS_ASSERTIONS = NO;
				ENABLE_STRICT_OBJC_MSGSEND = YES;
				GCC_C_LANGUAGE_STANDARD = gnu11;
				GCC_NO_COMMON_BLOCKS = YES;
				GCC_WARN_64_TO_32_BIT_CONVERSION = YES;
				GCC_WARN_ABOUT_RETURN_TYPE = YES_ERROR;
				GCC_WARN_UNDECLARED_SELECTOR = YES;
				GCC_WARN_UNINITIALIZED_AUTOS = YES_AGGRESSIVE;
				GCC_WARN_UNUSED_FUNCTION = YES;
				GCC_WARN_UNUSED_VARIABLE = YES;
				IPHONEOS_DEPLOYMENT_TARGET = 15.5;
				MTL_ENABLE_DEBUG_INFO = NO;
				MTL_FAST_MATH = YES;
				SDKROOT = iphoneos;
				SWIFT_COMPILATION_MODE = wholemodule;
				SWIFT_OPTIMIZATION_LEVEL = "-O";
				VALIDATE_PRODUCT = YES;
			};
			name = Release;
		};
		C32FF06928C70C8800949E05 /* Debug */ = {
			isa = XCBuildConfiguration;
			buildSettings = {
				ALWAYS_EMBED_SWIFT_STANDARD_LIBRARIES = YES;
				ASSETCATALOG_COMPILER_APPICON_NAME = AppIcon;
				ASSETCATALOG_COMPILER_GLOBAL_ACCENT_COLOR_NAME = AccentColor;
				CODE_SIGN_ENTITLEMENTS = NewTro_Todo/NewTro_Todo.entitlements;
				CODE_SIGN_STYLE = Automatic;
				CURRENT_PROJECT_VERSION = 3;
				DEBUG_INFORMATION_FORMAT = dwarf;
				DEVELOPMENT_TEAM = 48S4T8HCYX;
				GENERATE_INFOPLIST_FILE = YES;
				INFOPLIST_FILE = NewTro_Todo/Info.plist;
				INFOPLIST_KEY_CFBundleDisplayName = "뉴트로 투두";
				INFOPLIST_KEY_LSApplicationCategoryType = "public.app-category.lifestyle";
				INFOPLIST_KEY_UIApplicationSupportsIndirectInputEvents = YES;
				INFOPLIST_KEY_UILaunchStoryboardName = LaunchScreen.storyboard;
				INFOPLIST_KEY_UIMainStoryboardFile = "";
				INFOPLIST_KEY_UISupportedInterfaceOrientations = UIInterfaceOrientationPortrait;
				INFOPLIST_KEY_UISupportedInterfaceOrientations_iPad = "UIInterfaceOrientationPortrait UIInterfaceOrientationPortraitUpsideDown UIInterfaceOrientationLandscapeLeft UIInterfaceOrientationLandscapeRight";
				INFOPLIST_KEY_UISupportedInterfaceOrientations_iPhone = UIInterfaceOrientationPortrait;
				INFOPLIST_KEY_UIUserInterfaceStyle = Light;
				IPHONEOS_DEPLOYMENT_TARGET = 15.0;
				LD_RUNPATH_SEARCH_PATHS = (
					"$(inherited)",
					"@executable_path/Frameworks",
				);
				MARKETING_VERSION = 1.2.7;
				PRODUCT_BUNDLE_IDENTIFIER = "com.jun.NewTro-Todo";
				PRODUCT_NAME = "$(TARGET_NAME)";
				SUPPORTED_PLATFORMS = "iphoneos iphonesimulator";
				SUPPORTS_MACCATALYST = NO;
				SUPPORTS_MAC_DESIGNED_FOR_IPHONE_IPAD = NO;
				SUPPORTS_XR_DESIGNED_FOR_IPHONE_IPAD = NO;
				SWIFT_EMIT_LOC_STRINGS = YES;
				SWIFT_VERSION = 5.0;
				TARGETED_DEVICE_FAMILY = 1;
			};
			name = Debug;
		};
		C32FF06A28C70C8800949E05 /* Release */ = {
			isa = XCBuildConfiguration;
			buildSettings = {
				ALWAYS_EMBED_SWIFT_STANDARD_LIBRARIES = YES;
				ASSETCATALOG_COMPILER_APPICON_NAME = AppIcon;
				ASSETCATALOG_COMPILER_GLOBAL_ACCENT_COLOR_NAME = AccentColor;
				CODE_SIGN_ENTITLEMENTS = NewTro_Todo/NewTro_Todo.entitlements;
				CODE_SIGN_STYLE = Automatic;
				CURRENT_PROJECT_VERSION = 3;
				DEVELOPMENT_TEAM = 48S4T8HCYX;
				GENERATE_INFOPLIST_FILE = YES;
				INFOPLIST_FILE = NewTro_Todo/Info.plist;
				INFOPLIST_KEY_CFBundleDisplayName = "뉴트로 투두";
				INFOPLIST_KEY_LSApplicationCategoryType = "public.app-category.lifestyle";
				INFOPLIST_KEY_UIApplicationSupportsIndirectInputEvents = YES;
				INFOPLIST_KEY_UILaunchStoryboardName = LaunchScreen.storyboard;
				INFOPLIST_KEY_UIMainStoryboardFile = "";
				INFOPLIST_KEY_UISupportedInterfaceOrientations = UIInterfaceOrientationPortrait;
				INFOPLIST_KEY_UISupportedInterfaceOrientations_iPad = "UIInterfaceOrientationPortrait UIInterfaceOrientationPortraitUpsideDown UIInterfaceOrientationLandscapeLeft UIInterfaceOrientationLandscapeRight";
				INFOPLIST_KEY_UISupportedInterfaceOrientations_iPhone = UIInterfaceOrientationPortrait;
				INFOPLIST_KEY_UIUserInterfaceStyle = Light;
				IPHONEOS_DEPLOYMENT_TARGET = 15.0;
				LD_RUNPATH_SEARCH_PATHS = (
					"$(inherited)",
					"@executable_path/Frameworks",
				);
				MARKETING_VERSION = 1.2.7;
				PRODUCT_BUNDLE_IDENTIFIER = "com.jun.NewTro-Todo";
				PRODUCT_NAME = "$(TARGET_NAME)";
				SUPPORTED_PLATFORMS = "iphoneos iphonesimulator";
				SUPPORTS_MACCATALYST = NO;
				SUPPORTS_MAC_DESIGNED_FOR_IPHONE_IPAD = NO;
				SUPPORTS_XR_DESIGNED_FOR_IPHONE_IPAD = NO;
				SWIFT_EMIT_LOC_STRINGS = YES;
				SWIFT_VERSION = 5.0;
				TARGETED_DEVICE_FAMILY = 1;
			};
			name = Release;
		};
		C332699929704AB2009B1E1C /* Debug */ = {
			isa = XCBuildConfiguration;
			buildSettings = {
				ASSETCATALOG_COMPILER_GLOBAL_ACCENT_COLOR_NAME = AccentColor;
				ASSETCATALOG_COMPILER_WIDGET_BACKGROUND_COLOR_NAME = WidgetBackground;
				CLANG_CXX_LANGUAGE_STANDARD = "gnu++20";
				CODE_SIGN_ENTITLEMENTS = NewtroWidgetExtension.entitlements;
				CODE_SIGN_STYLE = Automatic;
				CURRENT_PROJECT_VERSION = 1;
				DEVELOPMENT_TEAM = 48S4T8HCYX;
				GENERATE_INFOPLIST_FILE = YES;
				INFOPLIST_FILE = NewtroWidget/Info.plist;
				INFOPLIST_KEY_CFBundleDisplayName = NewtroWidget;
				INFOPLIST_KEY_NSHumanReadableCopyright = "";
				IPHONEOS_DEPLOYMENT_TARGET = 16.0;
				LD_RUNPATH_SEARCH_PATHS = (
					"$(inherited)",
					"@executable_path/Frameworks",
					"@executable_path/../../Frameworks",
				);
				MARKETING_VERSION = 1.0;
				PRODUCT_BUNDLE_IDENTIFIER = "com.jun.NewTro-Todo.NewtroWidget";
				PRODUCT_NAME = "$(TARGET_NAME)";
				SKIP_INSTALL = YES;
				SWIFT_EMIT_LOC_STRINGS = YES;
				SWIFT_VERSION = 5.0;
				TARGETED_DEVICE_FAMILY = "1,2";
			};
			name = Debug;
		};
		C332699A29704AB2009B1E1C /* Release */ = {
			isa = XCBuildConfiguration;
			buildSettings = {
				ASSETCATALOG_COMPILER_GLOBAL_ACCENT_COLOR_NAME = AccentColor;
				ASSETCATALOG_COMPILER_WIDGET_BACKGROUND_COLOR_NAME = WidgetBackground;
				CLANG_CXX_LANGUAGE_STANDARD = "gnu++20";
				CODE_SIGN_ENTITLEMENTS = NewtroWidgetExtension.entitlements;
				CODE_SIGN_STYLE = Automatic;
				CURRENT_PROJECT_VERSION = 1;
				DEVELOPMENT_TEAM = 48S4T8HCYX;
				GENERATE_INFOPLIST_FILE = YES;
				INFOPLIST_FILE = NewtroWidget/Info.plist;
				INFOPLIST_KEY_CFBundleDisplayName = NewtroWidget;
				INFOPLIST_KEY_NSHumanReadableCopyright = "";
				IPHONEOS_DEPLOYMENT_TARGET = 16.0;
				LD_RUNPATH_SEARCH_PATHS = (
					"$(inherited)",
					"@executable_path/Frameworks",
					"@executable_path/../../Frameworks",
				);
				MARKETING_VERSION = 1.0;
				PRODUCT_BUNDLE_IDENTIFIER = "com.jun.NewTro-Todo.NewtroWidget";
				PRODUCT_NAME = "$(TARGET_NAME)";
				SKIP_INSTALL = YES;
				SWIFT_EMIT_LOC_STRINGS = YES;
				SWIFT_VERSION = 5.0;
				TARGETED_DEVICE_FAMILY = "1,2";
			};
			name = Release;
		};
/* End XCBuildConfiguration section */

/* Begin XCConfigurationList section */
		C32FF04F28C70C8700949E05 /* Build configuration list for PBXProject "NewTro_Todo" */ = {
			isa = XCConfigurationList;
			buildConfigurations = (
				C32FF06628C70C8800949E05 /* Debug */,
				C32FF06728C70C8800949E05 /* Release */,
			);
			defaultConfigurationIsVisible = 0;
			defaultConfigurationName = Release;
		};
		C32FF06828C70C8800949E05 /* Build configuration list for PBXNativeTarget "NewTro_Todo" */ = {
			isa = XCConfigurationList;
			buildConfigurations = (
				C32FF06928C70C8800949E05 /* Debug */,
				C32FF06A28C70C8800949E05 /* Release */,
			);
			defaultConfigurationIsVisible = 0;
			defaultConfigurationName = Release;
		};
		C332699B29704AB2009B1E1C /* Build configuration list for PBXNativeTarget "NewtroWidgetExtension" */ = {
			isa = XCConfigurationList;
			buildConfigurations = (
				C332699929704AB2009B1E1C /* Debug */,
				C332699A29704AB2009B1E1C /* Release */,
			);
			defaultConfigurationIsVisible = 0;
			defaultConfigurationName = Release;
		};
/* End XCConfigurationList section */

/* Begin XCRemoteSwiftPackageReference section */
		5A46EE0D2CBE29CC00F59624 /* XCRemoteSwiftPackageReference "Factory" */ = {
			isa = XCRemoteSwiftPackageReference;
			repositoryURL = "https://github.com/hmlongco/Factory";
			requirement = {
				kind = upToNextMajorVersion;
				minimumVersion = 2.4.0;
			};
		};
		5AF195A62CBF405F006D29CE /* XCRemoteSwiftPackageReference "realm-swift" */ = {
			isa = XCRemoteSwiftPackageReference;
			repositoryURL = "https://github.com/realm/realm-swift";
			requirement = {
				kind = exactVersion;
				version = 10.44.0;
			};
		};
		C32FF07628C7129C00949E05 /* XCRemoteSwiftPackageReference "SnapKit" */ = {
			isa = XCRemoteSwiftPackageReference;
			repositoryURL = "https://github.com/SnapKit/SnapKit.git";
			requirement = {
				kind = upToNextMajorVersion;
				minimumVersion = 5.0.0;
			};
		};
		C34644B928DEDC840071EF13 /* XCRemoteSwiftPackageReference "Zip" */ = {
			isa = XCRemoteSwiftPackageReference;
			repositoryURL = "https://github.com/marmelroy/Zip.git";
			requirement = {
				kind = upToNextMajorVersion;
				minimumVersion = 2.0.0;
			};
		};
		C34644ED28E492670071EF13 /* XCRemoteSwiftPackageReference "AcknowList" */ = {
			isa = XCRemoteSwiftPackageReference;
			repositoryURL = "https://github.com/vtourraine/AcknowList.git";
			requirement = {
				kind = upToNextMajorVersion;
				minimumVersion = 3.0.0;
			};
		};
		C34970572A22471800112A7F /* XCRemoteSwiftPackageReference "SwiftUI-Custom-TextField" */ = {
			isa = XCRemoteSwiftPackageReference;
			repositoryURL = "https://github.com/esatgozcu/SwiftUI-Custom-TextField.git";
			requirement = {
				branch = main;
				kind = branch;
			};
		};
		C37B16BC28CF7DAD0086E3C6 /* XCRemoteSwiftPackageReference "Toast-Swift" */ = {
			isa = XCRemoteSwiftPackageReference;
			repositoryURL = "https://github.com/scalessec/Toast-Swift.git";
			requirement = {
				kind = upToNextMajorVersion;
				minimumVersion = 5.0.0;
			};
		};
		C38EC07628F599B70027B0B0 /* XCRemoteSwiftPackageReference "firebase-ios-sdk" */ = {
			isa = XCRemoteSwiftPackageReference;
			repositoryURL = "https://github.com/firebase/firebase-ios-sdk";
			requirement = {
				kind = upToNextMajorVersion;
				minimumVersion = 9.0.0;
			};
		};
		C3D6454028D05E4700850505 /* XCRemoteSwiftPackageReference "FSCalendar" */ = {
			isa = XCRemoteSwiftPackageReference;
			repositoryURL = "https://github.com/WenchaoD/FSCalendar.git";
			requirement = {
				kind = upToNextMajorVersion;
				minimumVersion = 2.0.0;
			};
		};
		C3EF20B728DBFB1400141757 /* XCRemoteSwiftPackageReference "IQKeyboardManager" */ = {
			isa = XCRemoteSwiftPackageReference;
			repositoryURL = "https://github.com/hackiftekhar/IQKeyboardManager.git";
			requirement = {
				kind = upToNextMajorVersion;
				minimumVersion = 6.5.0;
			};
		};
/* End XCRemoteSwiftPackageReference section */

/* Begin XCSwiftPackageProductDependency section */
		5A46EE0E2CBE29CC00F59624 /* Factory */ = {
			isa = XCSwiftPackageProductDependency;
			package = 5A46EE0D2CBE29CC00F59624 /* XCRemoteSwiftPackageReference "Factory" */;
			productName = Factory;
		};
		5AF195A72CBF4060006D29CE /* Realm */ = {
			isa = XCSwiftPackageProductDependency;
			package = 5AF195A62CBF405F006D29CE /* XCRemoteSwiftPackageReference "realm-swift" */;
			productName = Realm;
		};
		5AF195A92CBF4060006D29CE /* RealmSwift */ = {
			isa = XCSwiftPackageProductDependency;
			package = 5AF195A62CBF405F006D29CE /* XCRemoteSwiftPackageReference "realm-swift" */;
			productName = RealmSwift;
		};
		5AF195AB2CBF40EA006D29CE /* Realm */ = {
			isa = XCSwiftPackageProductDependency;
			package = 5AF195A62CBF405F006D29CE /* XCRemoteSwiftPackageReference "realm-swift" */;
			productName = Realm;
		};
		5AF195AD2CBF40EA006D29CE /* RealmSwift */ = {
			isa = XCSwiftPackageProductDependency;
			package = 5AF195A62CBF405F006D29CE /* XCRemoteSwiftPackageReference "realm-swift" */;
			productName = RealmSwift;
		};
		C32FF07728C7129C00949E05 /* SnapKit */ = {
			isa = XCSwiftPackageProductDependency;
			package = C32FF07628C7129C00949E05 /* XCRemoteSwiftPackageReference "SnapKit" */;
			productName = SnapKit;
		};
		C34644BA28DEDC840071EF13 /* Zip */ = {
			isa = XCSwiftPackageProductDependency;
			package = C34644B928DEDC840071EF13 /* XCRemoteSwiftPackageReference "Zip" */;
			productName = Zip;
		};
		C34644EE28E492670071EF13 /* AcknowList */ = {
			isa = XCSwiftPackageProductDependency;
			package = C34644ED28E492670071EF13 /* XCRemoteSwiftPackageReference "AcknowList" */;
			productName = AcknowList;
		};
		C34970582A22471800112A7F /* CustomTextField */ = {
			isa = XCSwiftPackageProductDependency;
			package = C34970572A22471800112A7F /* XCRemoteSwiftPackageReference "SwiftUI-Custom-TextField" */;
			productName = CustomTextField;
		};
		C37B16BD28CF7DAD0086E3C6 /* Toast */ = {
			isa = XCSwiftPackageProductDependency;
			package = C37B16BC28CF7DAD0086E3C6 /* XCRemoteSwiftPackageReference "Toast-Swift" */;
			productName = Toast;
		};
		C38EC07728F599B70027B0B0 /* FirebaseAnalyticsWithoutAdIdSupport */ = {
			isa = XCSwiftPackageProductDependency;
			package = C38EC07628F599B70027B0B0 /* XCRemoteSwiftPackageReference "firebase-ios-sdk" */;
			productName = FirebaseAnalyticsWithoutAdIdSupport;
		};
		C38EC07928F599B70027B0B0 /* FirebaseCrashlytics */ = {
			isa = XCSwiftPackageProductDependency;
			package = C38EC07628F599B70027B0B0 /* XCRemoteSwiftPackageReference "firebase-ios-sdk" */;
			productName = FirebaseCrashlytics;
		};
		C38EC07B28F599B70027B0B0 /* FirebaseMessaging */ = {
			isa = XCSwiftPackageProductDependency;
			package = C38EC07628F599B70027B0B0 /* XCRemoteSwiftPackageReference "firebase-ios-sdk" */;
			productName = FirebaseMessaging;
		};
		C3D6454128D05E4700850505 /* FSCalendar */ = {
			isa = XCSwiftPackageProductDependency;
			package = C3D6454028D05E4700850505 /* XCRemoteSwiftPackageReference "FSCalendar" */;
			productName = FSCalendar;
		};
		C3EF20B828DBFB1400141757 /* IQKeyboardManagerSwift */ = {
			isa = XCSwiftPackageProductDependency;
			package = C3EF20B728DBFB1400141757 /* XCRemoteSwiftPackageReference "IQKeyboardManager" */;
			productName = IQKeyboardManagerSwift;
		};
/* End XCSwiftPackageProductDependency section */
	};
	rootObject = C32FF04C28C70C8700949E05 /* Project object */;
}
